
Microsoft Visual Studio Solution File, Format Version 12.00
# Visual Studio 2013
VisualStudioVersion = 12.0.21005.1
MinimumVisualStudioVersion = 10.0.40219.1
Project("{8BC9CEB8-8B4A-11D0-8D11-00A0C91BC942}") = "HelloWorld", "HelloWorld\HelloWorld.vcxproj", "{1201A21A-E577-4AFA-AA48-5847A0771194}"
EndProject
Project("{2150E333-8FDC-42A3-9474-1A3956D46DE8}") = "Controls", "Controls", "{4A1755E9-DB6D-4CD2-83FB-D8F2A18E0268}"
EndProject
Project("{8BC9CEB8-8B4A-11D0-8D11-00A0C91BC942}") = "Controls.Label.Hyperlink", "Controls.Label.Hyperlink\Controls.Label.Hyperlink.vcxproj", "{E1BA59EE-79FF-4484-BDC7-DE42DDA1E975}"
EndProject
Project("{8BC9CEB8-8B4A-11D0-8D11-00A0C91BC942}") = "Controls.Button.EnableDisable", "Controls.Button.EnableDisable\Controls.Button.EnableDisable.vcxproj", "{7573940E-5A1D-48A4-AAA1-BEF264D9B0C4}"
EndProject
Project("{8BC9CEB8-8B4A-11D0-8D11-00A0C91BC942}") = "Controls.Button.CheckAndRadio", "Controls.Button.CheckAndRadio\Controls.Button.CheckAndRadio.vcxproj", "{EB8C3EC3-74BC-4A24-97E5-133904A7ACA8}"
EndProject
Project("{8BC9CEB8-8B4A-11D0-8D11-00A0C91BC942}") = "Controls.Tab.TextBoxPage", "Controls.Tab.TextBoxPage\Controls.Tab.TextBoxPage.vcxproj", "{683A5E34-D5CA-4CB8-93E6-42D1C41DEE4D}"
EndProject
Project("{8BC9CEB8-8B4A-11D0-8D11-00A0C91BC942}") = "Controls.TextBox.Editor", "Controls.TextBox.Editor\Controls.TextBox.Editor.vcxproj", "{12099554-E6D6-4F21-AB43-FEE67E3795A8}"
EndProject
Project("{8BC9CEB8-8B4A-11D0-8D11-00A0C91BC942}") = "Controls.TextBox.Colorizer", "Controls.TextBox.Colorizer\Controls.TextBox.Colorizer.vcxproj", "{A20933BA-12B8-4AA5-BDFC-B5CF2579E70E}"
EndProject
Project("{8BC9CEB8-8B4A-11D0-8D11-00A0C91BC942}") = "Controls.ListBox.NameSelector", "Controls.ListBox.NameSelector\Controls.ListBox.NameSelector.vcxproj", "{5B44540E-78B6-4355-AC15-4DE8B88F3781}"
EndProject
Project("{8BC9CEB8-8B4A-11D0-8D11-00A0C91BC942}") = "Controls.ListBox.VirtualMode", "Controls.ListBox.VirtualMode\Controls.ListBox.VirtualMode.vcxproj", "{0BFBD83F-961F-4A6E-A6D7-3B771B298D2E}"
EndProject
Project("{8BC9CEB8-8B4A-11D0-8D11-00A0C91BC942}") = "Controls.ListBox.NameEditor", "Controls.ListBox.NameEditor\Controls.ListBox.NameEditor.vcxproj", "{3BEB18C5-2F88-447F-B52E-1EE3A912F81C}"
EndProject
Project("{8BC9CEB8-8B4A-11D0-8D11-00A0C91BC942}") = "Controls.ListView.ViewSwitching", "Controls.ListView.ViewSwitching\Controls.ListView.ViewSwitching.vcxproj", "{88EA0F51-415E-4F4A-980D-5F6602903704}"
EndProject
Project("{8BC9CEB8-8B4A-11D0-8D11-00A0C91BC942}") = "Controls.ListView.VirtualMode", "Controls.ListView.VirtualMode\Controls.ListView.VirtualMode.vcxproj", "{978EB4E8-7462-40C5-9049-83FF9592BA75}"
EndProject
Project("{8BC9CEB8-8B4A-11D0-8D11-00A0C91BC942}") = "Controls.ListView.SortingAndFiltering", "Controls.ListView.SortingAndFiltering\Controls.ListView.SortingAndFiltering.vcxproj", "{EFB47B32-B002-4B92-A313-ACA8D96B266B}"
EndProject
Project("{8BC9CEB8-8B4A-11D0-8D11-00A0C91BC942}") = "Controls.TreeView.FileExplorer", "Controls.TreeView.FileExplorer\Controls.TreeView.FileExplorer.vcxproj", "{C390D034-C335-409E-92E6-41740D71349D}"
EndProject
Project("{8BC9CEB8-8B4A-11D0-8D11-00A0C91BC942}") = "GacUIStaticLibrary", "GacUIStaticLibrary\GacUIStaticLibrary.vcxproj", "{6698C71D-0D4E-4031-846A-8698F9C9D658}"
EndProject
Project("{8BC9CEB8-8B4A-11D0-8D11-00A0C91BC942}") = "Controls.Scroll.ColorPicker", "Controls.Scroll.ColorPicker\Controls.Scroll.ColorPicker.vcxproj", "{1BFCF112-1FA5-404B-9CDD-77F9D8E38BE3}"
EndProject
Project("{2150E333-8FDC-42A3-9474-1A3956D46DE8}") = "Template", "Template", "{B05A7B62-D27C-48B3-9AA6-AC15ABC38BD8}"
EndProject
Project("{8BC9CEB8-8B4A-11D0-8D11-00A0C91BC942}") = "Template.Window.CustomizedBorder", "Template.Window.CustomizedBorder\Template.Window.CustomizedBorder.vcxproj", "{ED487B28-E445-464D-A09A-97BC9E57FC8D}"
	ProjectSection(ProjectDependencies) = postProject
		{6698C71D-0D4E-4031-846A-8698F9C9D658} = {6698C71D-0D4E-4031-846A-8698F9C9D658}
	EndProjectSection
EndProject
Project("{2150E333-8FDC-42A3-9474-1A3956D46DE8}") = "Rendering", "Rendering", "{57FFC37A-0073-4D67-92D4-98FB5C4A309A}"
EndProject
Project("{8BC9CEB8-8B4A-11D0-8D11-00A0C91BC942}") = "Rendering.RawAPI.GDI", "Rendering.RawAPI.GDI\Rendering.RawAPI.GDI.vcxproj", "{1AAAFFB1-0E0C-4D06-B18E-AC3816F97217}"
EndProject
Project("{8BC9CEB8-8B4A-11D0-8D11-00A0C91BC942}") = "Rendering.RawAPI.Direct2D", "Rendering.RawAPI.Direct2D\Rendering.RawAPI.Direct2D.vcxproj", "{FBAA9433-4B1B-44FF-8EC9-F7C037859ABC}"
EndProject
Project("{8BC9CEB8-8B4A-11D0-8D11-00A0C91BC942}") = "Rendering.TextLayout.RichText", "Rendering.TextLayout.RichText\Rendering.TextLayout.RichText.vcxproj", "{6AB710A6-1530-4D9B-B954-E772B69E7373}"
EndProject
Project("{8BC9CEB8-8B4A-11D0-8D11-00A0C91BC942}") = "Controls.Tooltip.RichTextAndResource", "Controls.Tooltip.RichTextAndResource\Controls.Tooltip.RichTextAndResource.vcxproj", "{1678389A-7D53-4B43-AE3A-BBDA38D69DE2}"
EndProject
Project("{2150E333-8FDC-42A3-9474-1A3956D46DE8}") = "Persistant", "Persistant", "{52446C02-0696-4691-95FD-5E737EECBE67}"
EndProject
Project("{8BC9CEB8-8B4A-11D0-8D11-00A0C91BC942}") = "Persistant.DirectCode.SimpleWindow", "Persistant.DirectCode.SimpleWindow\Persistant.DirectCode.SimpleWindow.vcxproj", "{AAC4B8ED-F725-4563-9D41-3857D8B32CB4}"
EndProject
Project("{8BC9CEB8-8B4A-11D0-8D11-00A0C91BC942}") = "Controls.DataGrid.ChemicalElements", "Controls.DataGrid.ChemicalElements\Controls.DataGrid.ChemicalElements.vcxproj", "{D7996415-9D41-4679-9EC6-DDCF925C4B31}"
EndProject
Project("{8BC9CEB8-8B4A-11D0-8D11-00A0C91BC942}") = "Controls.DataGrid.FileExplorer", "Controls.DataGrid.FileExplorer\Controls.DataGrid.FileExplorer.vcxproj", "{08387724-9751-4E0F-8195-6275084DB0CF}"
EndProject
Project("{8BC9CEB8-8B4A-11D0-8D11-00A0C91BC942}") = "Controls.DatePicker.DateAndLocale", "Controls.DatePicker.DateAndLocale\Controls.DatePicker.DateAndLocale.vcxproj", "{83460DD2-D59B-46FC-89AC-EAB90CD4B7D8}"
EndProject
Project("{8BC9CEB8-8B4A-11D0-8D11-00A0C91BC942}") = "Controls.DataGrid.TableEditor", "Controls.DataGrid.TableEditor\Controls.DataGrid.TableEditor.vcxproj", "{DBC36C55-96C5-403A-AACC-D71B6D841A4D}"
EndProject
Project("{2150E333-8FDC-42A3-9474-1A3956D46DE8}") = "Editor", "Editor", "{EBECB34C-801E-43D7-9FDF-EDE249CF053D}"
EndProject
Project("{8BC9CEB8-8B4A-11D0-8D11-00A0C91BC942}") = "Editor.Colorizer.Xml", "Editor.Colorizer.Xml\Editor.Colorizer.Xml.vcxproj", "{D5B762A4-3BDB-4D7C-8EB4-533B2BAE6EB6}"
EndProject
Project("{8BC9CEB8-8B4A-11D0-8D11-00A0C91BC942}") = "Editor.Colorizer.Json", "Editor.Colorizer.Json\Editor.Colorizer.Json.vcxproj", "{46F8C4C0-3B85-412F-B1A9-F9CD63AA9BB4}"
EndProject
Project("{8BC9CEB8-8B4A-11D0-8D11-00A0C91BC942}") = "Editor.Colorizer.Grammar", "Editor.Colorizer.Grammar\Editor.Colorizer.Grammar.vcxproj", "{728C31C9-EBEC-4C01-8658-DC1BA60BE40F}"
EndProject
Project("{8BC9CEB8-8B4A-11D0-8D11-00A0C91BC942}") = "Editor.AutoComplete.Grammar", "Editor.AutoComplete.Grammar\Editor.AutoComplete.Grammar.vcxproj", "{35F9BA10-1A66-4120-8E0E-749979249C8D}"
EndProject
Project("{8BC9CEB8-8B4A-11D0-8D11-00A0C91BC942}") = "Editor.Toolstrip.TextFile", "Editor.Toolstrip.TextFile\Editor.Toolstrip.TextFile.vcxproj", "{A16CF7D1-364D-412E-AF27-9C70C81DAE04}"
EndProject
Project("{8BC9CEB8-8B4A-11D0-8D11-00A0C91BC942}") = "Editor.Toolstrip.Document", "Editor.Toolstrip.Document\Editor.Toolstrip.Document.vcxproj", "{91F2E005-F8BF-4C80-8471-FAF4F5A93785}"
EndProject
Project("{8BC9CEB8-8B4A-11D0-8D11-00A0C91BC942}") = "GacUIReflectionStaticLibrary", "GacUIReflectionStaticLibrary\GacUIReflectionStaticLibrary.vcxproj", "{8C242464-8009-4A8A-9443-ABE406809C71}"
EndProject
Project("{8BC9CEB8-8B4A-11D0-8D11-00A0C91BC942}") = "Persistant.LoadFromXml.Controls", "Persistant.LoadFromXml.Controls\Persistant.LoadFromXml.Controls.vcxproj", "{7470589A-7E7D-4274-835C-0FDAD6992F1D}"
EndProject
Project("{8BC9CEB8-8B4A-11D0-8D11-00A0C91BC942}") = "Persistant.DirectCode.Scripting", "Persistant.DirectCode.Scripting\Persistant.DirectCode.Scripting.vcxproj", "{79DA46D0-2F90-46AC-A4FA-5045800EC32C}"
EndProject
Project("{8BC9CEB8-8B4A-11D0-8D11-00A0C91BC942}") = "Persistant.DirectCode.DataBinding", "Persistant.DirectCode.DataBinding\Persistant.DirectCode.DataBinding.vcxproj", "{E561AECB-5EE5-4C4B-9D13-66DA799A8CEA}"
EndProject
Project("{8BC9CEB8-8B4A-11D0-8D11-00A0C91BC942}") = "Persistant.LoadFromXml.DataBinding", "Persistant.LoadFromXml.DataBinding\Persistant.LoadFromXml.DataBinding.vcxproj", "{5DAC5765-9D6F-406C-B648-F7A879880C96}"
	ProjectSection(ProjectDependencies) = postProject
		{8C242464-8009-4A8A-9443-ABE406809C71} = {8C242464-8009-4A8A-9443-ABE406809C71}
	EndProjectSection
EndProject
Project("{8BC9CEB8-8B4A-11D0-8D11-00A0C91BC942}") = "HelloWorldXml", "HelloWorldXml\HelloWorldXml.vcxproj", "{EDF96C40-B3CB-4F91-AB01-38424ACDA256}"
EndProject
Project("{8BC9CEB8-8B4A-11D0-8D11-00A0C91BC942}") = "Persistant.LoadFromXml.ViewModel", "Persistant.LoadFromXml.ViewModel\Persistant.LoadFromXml.ViewModel.vcxproj", "{CA0D3C94-22D7-4322-AF0B-5F00EE1104A5}"
EndProject
Project("{8BC9CEB8-8B4A-11D0-8D11-00A0C91BC942}") = "HelloWorldViewModel", "HelloWorldViewModel\HelloWorldViewModel.vcxproj", "{52034B63-5ADD-4F23-86AD-45494779B825}"
EndProject
Project("{8BC9CEB8-8B4A-11D0-8D11-00A0C91BC942}") = "Persistant.LoadFromXml.ListViewModel", "Persistant.LoadFromXml.ListViewModel\Persistant.LoadFromXml.ListViewModel.vcxproj", "{CF3F2637-4CAE-46DB-BB9D-BE23242BC9C2}"
EndProject
Project("{8BC9CEB8-8B4A-11D0-8D11-00A0C91BC942}") = "Persistant.LoadFromXml.ItemTemplate", "Persistant.LoadFromXml.ItemTemplate\Persistant.LoadFromXml.ItemTemplate.vcxproj", "{3426FAB0-4CA6-4623-8BCD-B89626EE7B0F}"
EndProject
Project("{8BC9CEB8-8B4A-11D0-8D11-00A0C91BC942}") = "Persistant.LoadFromXml.ControlTemplate", "Persistant.LoadFromXml.ControlTemplate\Persistant.LoadFromXml.ControlTemplate.vcxproj", "{6CC8D8EE-BF3A-463F-844F-FBD151E0CBFB}"
EndProject
Global
	GlobalSection(TeamFoundationVersionControl) = preSolution
		SccNumberOfProjects = 44
		SccEnterpriseProvider = {4CA58AB2-18FA-4F8D-95D4-32DDF27D184C}
		SccTeamFoundationServer = https://tfs.codeplex.com/tfs/tfs02
		SccLocalPath0 = .
		SccProjectUniqueName1 = HelloWorld\\HelloWorld.vcxproj
		SccProjectName1 = HelloWorld
		SccLocalPath1 = HelloWorld
		SccProjectUniqueName2 = Controls.Label.Hyperlink\\Controls.Label.Hyperlink.vcxproj
		SccProjectTopLevelParentUniqueName2 = GacUIDemo.sln
		SccProjectName2 = Controls.Label.Hyperlink
		SccLocalPath2 = Controls.Label.Hyperlink
		SccProjectUniqueName3 = Controls.Button.EnableDisable\\Controls.Button.EnableDisable.vcxproj
		SccProjectTopLevelParentUniqueName3 = GacUIDemo.sln
		SccProjectName3 = Controls.Button.EnableDisable
		SccLocalPath3 = Controls.Button.EnableDisable
		SccProjectUniqueName4 = Controls.Button.CheckAndRadio\\Controls.Button.CheckAndRadio.vcxproj
		SccProjectTopLevelParentUniqueName4 = GacUIDemo.sln
		SccProjectName4 = Controls.Button.CheckAndRadio
		SccLocalPath4 = Controls.Button.CheckAndRadio
		SccProjectUniqueName5 = Controls.Tab.TextBoxPage\\Controls.Tab.TextBoxPage.vcxproj
		SccProjectTopLevelParentUniqueName5 = GacUIDemo.sln
		SccProjectName5 = Controls.Tab.TextBoxPage
		SccLocalPath5 = Controls.Tab.TextBoxPage
		SccProjectUniqueName6 = Controls.TextBox.Editor\\Controls.TextBox.Editor.vcxproj
		SccProjectTopLevelParentUniqueName6 = GacUIDemo.sln
		SccProjectName6 = Controls.TextBox.Editor
		SccLocalPath6 = Controls.TextBox.Editor
		SccProjectUniqueName7 = Controls.TextBox.Colorizer\\Controls.TextBox.Colorizer.vcxproj
		SccProjectTopLevelParentUniqueName7 = GacUIDemo.sln
		SccProjectName7 = Controls.TextBox.Colorizer
		SccLocalPath7 = Controls.TextBox.Colorizer
		SccProjectUniqueName8 = Controls.ListBox.NameSelector\\Controls.ListBox.NameSelector.vcxproj
		SccProjectTopLevelParentUniqueName8 = GacUIDemo.sln
		SccProjectName8 = Controls.ListBox.NameSelector
		SccLocalPath8 = Controls.ListBox.NameSelector
		SccProjectUniqueName9 = Controls.ListBox.VirtualMode\\Controls.ListBox.VirtualMode.vcxproj
		SccProjectTopLevelParentUniqueName9 = GacUIDemo.sln
		SccProjectName9 = Controls.ListBox.VirtualMode
		SccLocalPath9 = Controls.ListBox.VirtualMode
		SccProjectUniqueName10 = Controls.ListBox.NameEditor\\Controls.ListBox.NameEditor.vcxproj
		SccProjectTopLevelParentUniqueName10 = GacUIDemo.sln
		SccProjectName10 = Controls.ListBox.NameEditor
		SccLocalPath10 = Controls.ListBox.NameEditor
		SccProjectUniqueName11 = Controls.ListView.ViewSwitching\\Controls.ListView.ViewSwitching.vcxproj
		SccProjectTopLevelParentUniqueName11 = GacUIDemo.sln
		SccProjectName11 = Controls.ListView.ViewSwitching
		SccLocalPath11 = Controls.ListView.ViewSwitching
		SccProjectUniqueName12 = Controls.ListView.VirtualMode\\Controls.ListView.VirtualMode.vcxproj
		SccProjectTopLevelParentUniqueName12 = GacUIDemo.sln
		SccProjectName12 = Controls.ListView.VirtualMode
		SccLocalPath12 = Controls.ListView.VirtualMode
		SccProjectUniqueName13 = Controls.ListView.SortingAndFiltering\\Controls.ListView.SortingAndFiltering.vcxproj
		SccProjectTopLevelParentUniqueName13 = GacUIDemo.sln
		SccProjectName13 = Controls.ListView.SortingAndFiltering
		SccLocalPath13 = Controls.ListView.SortingAndFiltering
		SccProjectUniqueName14 = Controls.TreeView.FileExplorer\\Controls.TreeView.FileExplorer.vcxproj
		SccProjectTopLevelParentUniqueName14 = GacUIDemo.sln
		SccProjectName14 = Controls.TreeView.FileExplorer
		SccLocalPath14 = Controls.TreeView.FileExplorer
		SccProjectUniqueName15 = GacUIStaticLibrary\\GacUIStaticLibrary.vcxproj
		SccProjectName15 = GacUIStaticLibrary
		SccLocalPath15 = GacUIStaticLibrary
		SccProjectUniqueName16 = Controls.Scroll.ColorPicker\\Controls.Scroll.ColorPicker.vcxproj
		SccProjectTopLevelParentUniqueName16 = GacUIDemo.sln
		SccProjectName16 = Controls.Scroll.ColorPicker
		SccLocalPath16 = Controls.Scroll.ColorPicker
		SccProjectUniqueName17 = Template.Window.CustomizedBorder\\Template.Window.CustomizedBorder.vcxproj
		SccProjectTopLevelParentUniqueName17 = GacUIDemo.sln
		SccProjectName17 = Template.Window.CustomizedBorder
		SccLocalPath17 = Template.Window.CustomizedBorder
		SccProjectUniqueName18 = Rendering.RawAPI.GDI\\Rendering.RawAPI.GDI.vcxproj
		SccProjectTopLevelParentUniqueName18 = GacUIDemo.sln
		SccProjectName18 = Rendering.RawAPI.GDI
		SccLocalPath18 = Rendering.RawAPI.GDI
		SccProjectUniqueName19 = Rendering.RawAPI.Direct2D\\Rendering.RawAPI.Direct2D.vcxproj
		SccProjectTopLevelParentUniqueName19 = GacUIDemo.sln
		SccProjectName19 = Rendering.RawAPI.Direct2D
		SccLocalPath19 = Rendering.RawAPI.Direct2D
		SccProjectUniqueName20 = Rendering.TextLayout.RichText\\Rendering.TextLayout.RichText.vcxproj
		SccProjectTopLevelParentUniqueName20 = GacUIDemo.sln
		SccProjectName20 = Rendering.TextLayout.RichText
		SccLocalPath20 = Rendering.TextLayout.RichText
		SccProjectUniqueName21 = Controls.Tooltip.RichTextAndResource\\Controls.Tooltip.RichTextAndResource.vcxproj
		SccProjectTopLevelParentUniqueName21 = GacUIDemo.sln
		SccProjectName21 = Controls.Tooltip.RichTextAndResource
		SccLocalPath21 = Controls.Tooltip.RichTextAndResource
		SccProjectUniqueName22 = Persistant.DirectCode.SimpleWindow\\Persistant.DirectCode.SimpleWindow.vcxproj
		SccProjectTopLevelParentUniqueName22 = GacUIDemo.sln
		SccProjectName22 = Persistant.DirectCode.SimpleWindow
		SccLocalPath22 = Persistant.DirectCode.SimpleWindow
		SccProjectUniqueName23 = Controls.DataGrid.ChemicalElements\\Controls.DataGrid.ChemicalElements.vcxproj
		SccProjectTopLevelParentUniqueName23 = GacUIDemo.sln
		SccProjectName23 = Controls.DataGrid.ChemicalElements
		SccLocalPath23 = Controls.DataGrid.ChemicalElements
		SccProjectUniqueName24 = Controls.DataGrid.FileExplorer\\Controls.DataGrid.FileExplorer.vcxproj
		SccProjectTopLevelParentUniqueName24 = GacUIDemo.sln
		SccProjectName24 = Controls.DataGrid.FileExplorer
		SccLocalPath24 = Controls.DataGrid.FileExplorer
		SccProjectUniqueName25 = Controls.DatePicker.DateAndLocale\\Controls.DatePicker.DateAndLocale.vcxproj
		SccProjectTopLevelParentUniqueName25 = GacUIDemo.sln
		SccProjectName25 = Controls.DatePicker.DateAndLocale
		SccLocalPath25 = Controls.DatePicker.DateAndLocale
		SccProjectUniqueName26 = Controls.DataGrid.TableEditor\\Controls.DataGrid.TableEditor.vcxproj
		SccProjectTopLevelParentUniqueName26 = GacUIDemo.sln
		SccProjectName26 = Controls.DataGrid.TableEditor
		SccLocalPath26 = Controls.DataGrid.TableEditor
		SccProjectUniqueName27 = Editor.Colorizer.Xml\\Editor.Colorizer.Xml.vcxproj
		SccProjectTopLevelParentUniqueName27 = GacUIDemo.sln
		SccProjectName27 = Editor.Colorizer.Xml
		SccLocalPath27 = Editor.Colorizer.Xml
		SccProjectUniqueName28 = Editor.Colorizer.Json\\Editor.Colorizer.Json.vcxproj
		SccProjectTopLevelParentUniqueName28 = GacUIDemo.sln
		SccProjectName28 = Editor.Colorizer.Json
		SccLocalPath28 = Editor.Colorizer.Json
		SccProjectUniqueName29 = Editor.Colorizer.Grammar\\Editor.Colorizer.Grammar.vcxproj
		SccProjectTopLevelParentUniqueName29 = GacUIDemo.sln
		SccProjectName29 = Editor.Colorizer.Grammar
		SccLocalPath29 = Editor.Colorizer.Grammar
		SccProjectUniqueName30 = Editor.AutoComplete.Grammar\\Editor.AutoComplete.Grammar.vcxproj
		SccProjectTopLevelParentUniqueName30 = GacUIDemo.sln
		SccProjectName30 = Editor.AutoComplete.Grammar
		SccLocalPath30 = Editor.AutoComplete.Grammar
		SccProjectUniqueName31 = Editor.Toolstrip.TextFile\\Editor.Toolstrip.TextFile.vcxproj
		SccProjectTopLevelParentUniqueName31 = GacUIDemo.sln
		SccProjectName31 = Editor.Toolstrip.TextFile
		SccLocalPath31 = Editor.Toolstrip.TextFile
		SccProjectUniqueName32 = Editor.Toolstrip.Document\\Editor.Toolstrip.Document.vcxproj
		SccProjectTopLevelParentUniqueName32 = GacUIDemo.sln
		SccProjectName32 = Editor.Toolstrip.Document
		SccLocalPath32 = Editor.Toolstrip.Document
		SccProjectUniqueName33 = GacUIReflectionStaticLibrary\\GacUIReflectionStaticLibrary.vcxproj
		SccProjectName33 = GacUIReflectionStaticLibrary
		SccLocalPath33 = GacUIReflectionStaticLibrary
		SccProjectUniqueName34 = Persistant.LoadFromXml.Controls\\Persistant.LoadFromXml.Controls.vcxproj
		SccProjectTopLevelParentUniqueName34 = GacUIDemo.sln
		SccProjectName34 = Persistant.LoadFromXml.Controls
		SccLocalPath34 = Persistant.LoadFromXml.Controls
		SccProjectUniqueName35 = Persistant.DirectCode.Scripting\\Persistant.DirectCode.Scripting.vcxproj
		SccProjectTopLevelParentUniqueName35 = GacUIDemo.sln
		SccProjectName35 = Persistant.DirectCode.Scripting
		SccLocalPath35 = Persistant.DirectCode.Scripting
		SccProjectUniqueName36 = Persistant.DirectCode.DataBinding\\Persistant.DirectCode.DataBinding.vcxproj
		SccProjectTopLevelParentUniqueName36 = GacUIDemo.sln
		SccProjectName36 = Persistant.DirectCode.DataBinding
		SccLocalPath36 = Persistant.DirectCode.DataBinding
		SccProjectUniqueName37 = Persistant.LoadFromXml.DataBinding\\Persistant.LoadFromXml.DataBinding.vcxproj
		SccProjectTopLevelParentUniqueName37 = GacUIDemo.sln
		SccProjectName37 = Persistant.LoadFromXml.DataBinding
		SccLocalPath37 = Persistant.LoadFromXml.DataBinding
		SccProjectUniqueName38 = HelloWorldXml\\HelloWorldXml.vcxproj
		SccProjectName38 = HelloWorldXml
		SccLocalPath38 = HelloWorldXml
		SccProjectUniqueName39 = Persistant.LoadFromXml.ViewModel\\Persistant.LoadFromXml.ViewModel.vcxproj
		SccProjectTopLevelParentUniqueName39 = GacUIDemo.sln
		SccProjectName39 = Persistant.LoadFromXml.ViewModel
		SccLocalPath39 = Persistant.LoadFromXml.ViewModel
		SccProjectUniqueName40 = HelloWorldViewModel\\HelloWorldViewModel.vcxproj
		SccProjectName40 = HelloWorldViewModel
		SccLocalPath40 = HelloWorldViewModel
		SccProjectUniqueName41 = Persistant.LoadFromXml.ListViewModel\\Persistant.LoadFromXml.ListViewModel.vcxproj
		SccProjectTopLevelParentUniqueName41 = GacUIDemo.sln
		SccProjectName41 = Persistant.LoadFromXml.ListViewModel
		SccLocalPath41 = Persistant.LoadFromXml.ListViewModel
		SccProjectUniqueName42 = Persistant.LoadFromXml.ItemTemplate\\Persistant.LoadFromXml.ItemTemplate.vcxproj
		SccProjectTopLevelParentUniqueName42 = GacUIDemo.sln
		SccProjectName42 = Persistant.LoadFromXml.ItemTemplate
		SccLocalPath42 = Persistant.LoadFromXml.ItemTemplate
		SccProjectUniqueName43 = Persistant.LoadFromXml.ControlTemplate\\Persistant.LoadFromXml.ControlTemplate.vcxproj
		SccProjectTopLevelParentUniqueName43 = GacUIDemo.sln
		SccProjectName43 = Persistant.LoadFromXml.ControlTemplate
		SccLocalPath43 = Persistant.LoadFromXml.ControlTemplate
	EndGlobalSection
	GlobalSection(SolutionConfigurationPlatforms) = preSolution
		Debug|Win32 = Debug|Win32
		Release|Win32 = Release|Win32
	EndGlobalSection
	GlobalSection(ProjectConfigurationPlatforms) = postSolution
		{1201A21A-E577-4AFA-AA48-5847A0771194}.Debug|Win32.ActiveCfg = Debug|Win32
		{1201A21A-E577-4AFA-AA48-5847A0771194}.Debug|Win32.Build.0 = Debug|Win32
		{1201A21A-E577-4AFA-AA48-5847A0771194}.Release|Win32.ActiveCfg = Release|Win32
		{1201A21A-E577-4AFA-AA48-5847A0771194}.Release|Win32.Build.0 = Release|Win32
		{E1BA59EE-79FF-4484-BDC7-DE42DDA1E975}.Debug|Win32.ActiveCfg = Debug|Win32
		{E1BA59EE-79FF-4484-BDC7-DE42DDA1E975}.Debug|Win32.Build.0 = Debug|Win32
		{E1BA59EE-79FF-4484-BDC7-DE42DDA1E975}.Release|Win32.ActiveCfg = Release|Win32
		{E1BA59EE-79FF-4484-BDC7-DE42DDA1E975}.Release|Win32.Build.0 = Release|Win32
		{7573940E-5A1D-48A4-AAA1-BEF264D9B0C4}.Debug|Win32.ActiveCfg = Debug|Win32
		{7573940E-5A1D-48A4-AAA1-BEF264D9B0C4}.Debug|Win32.Build.0 = Debug|Win32
		{7573940E-5A1D-48A4-AAA1-BEF264D9B0C4}.Release|Win32.ActiveCfg = Release|Win32
		{7573940E-5A1D-48A4-AAA1-BEF264D9B0C4}.Release|Win32.Build.0 = Release|Win32
		{EB8C3EC3-74BC-4A24-97E5-133904A7ACA8}.Debug|Win32.ActiveCfg = Debug|Win32
		{EB8C3EC3-74BC-4A24-97E5-133904A7ACA8}.Debug|Win32.Build.0 = Debug|Win32
		{EB8C3EC3-74BC-4A24-97E5-133904A7ACA8}.Release|Win32.ActiveCfg = Release|Win32
		{EB8C3EC3-74BC-4A24-97E5-133904A7ACA8}.Release|Win32.Build.0 = Release|Win32
		{683A5E34-D5CA-4CB8-93E6-42D1C41DEE4D}.Debug|Win32.ActiveCfg = Debug|Win32
		{683A5E34-D5CA-4CB8-93E6-42D1C41DEE4D}.Debug|Win32.Build.0 = Debug|Win32
		{683A5E34-D5CA-4CB8-93E6-42D1C41DEE4D}.Release|Win32.ActiveCfg = Release|Win32
		{683A5E34-D5CA-4CB8-93E6-42D1C41DEE4D}.Release|Win32.Build.0 = Release|Win32
		{12099554-E6D6-4F21-AB43-FEE67E3795A8}.Debug|Win32.ActiveCfg = Debug|Win32
		{12099554-E6D6-4F21-AB43-FEE67E3795A8}.Debug|Win32.Build.0 = Debug|Win32
		{12099554-E6D6-4F21-AB43-FEE67E3795A8}.Release|Win32.ActiveCfg = Release|Win32
		{12099554-E6D6-4F21-AB43-FEE67E3795A8}.Release|Win32.Build.0 = Release|Win32
		{A20933BA-12B8-4AA5-BDFC-B5CF2579E70E}.Debug|Win32.ActiveCfg = Debug|Win32
		{A20933BA-12B8-4AA5-BDFC-B5CF2579E70E}.Debug|Win32.Build.0 = Debug|Win32
		{A20933BA-12B8-4AA5-BDFC-B5CF2579E70E}.Release|Win32.ActiveCfg = Release|Win32
		{A20933BA-12B8-4AA5-BDFC-B5CF2579E70E}.Release|Win32.Build.0 = Release|Win32
		{5B44540E-78B6-4355-AC15-4DE8B88F3781}.Debug|Win32.ActiveCfg = Debug|Win32
		{5B44540E-78B6-4355-AC15-4DE8B88F3781}.Debug|Win32.Build.0 = Debug|Win32
		{5B44540E-78B6-4355-AC15-4DE8B88F3781}.Release|Win32.ActiveCfg = Release|Win32
		{5B44540E-78B6-4355-AC15-4DE8B88F3781}.Release|Win32.Build.0 = Release|Win32
		{0BFBD83F-961F-4A6E-A6D7-3B771B298D2E}.Debug|Win32.ActiveCfg = Debug|Win32
		{0BFBD83F-961F-4A6E-A6D7-3B771B298D2E}.Debug|Win32.Build.0 = Debug|Win32
		{0BFBD83F-961F-4A6E-A6D7-3B771B298D2E}.Release|Win32.ActiveCfg = Release|Win32
		{0BFBD83F-961F-4A6E-A6D7-3B771B298D2E}.Release|Win32.Build.0 = Release|Win32
		{3BEB18C5-2F88-447F-B52E-1EE3A912F81C}.Debug|Win32.ActiveCfg = Debug|Win32
		{3BEB18C5-2F88-447F-B52E-1EE3A912F81C}.Debug|Win32.Build.0 = Debug|Win32
		{3BEB18C5-2F88-447F-B52E-1EE3A912F81C}.Release|Win32.ActiveCfg = Release|Win32
		{3BEB18C5-2F88-447F-B52E-1EE3A912F81C}.Release|Win32.Build.0 = Release|Win32
		{88EA0F51-415E-4F4A-980D-5F6602903704}.Debug|Win32.ActiveCfg = Debug|Win32
		{88EA0F51-415E-4F4A-980D-5F6602903704}.Debug|Win32.Build.0 = Debug|Win32
		{88EA0F51-415E-4F4A-980D-5F6602903704}.Release|Win32.ActiveCfg = Release|Win32
		{88EA0F51-415E-4F4A-980D-5F6602903704}.Release|Win32.Build.0 = Release|Win32
		{978EB4E8-7462-40C5-9049-83FF9592BA75}.Debug|Win32.ActiveCfg = Debug|Win32
		{978EB4E8-7462-40C5-9049-83FF9592BA75}.Debug|Win32.Build.0 = Debug|Win32
		{978EB4E8-7462-40C5-9049-83FF9592BA75}.Release|Win32.ActiveCfg = Release|Win32
		{978EB4E8-7462-40C5-9049-83FF9592BA75}.Release|Win32.Build.0 = Release|Win32
		{EFB47B32-B002-4B92-A313-ACA8D96B266B}.Debug|Win32.ActiveCfg = Debug|Win32
		{EFB47B32-B002-4B92-A313-ACA8D96B266B}.Debug|Win32.Build.0 = Debug|Win32
		{EFB47B32-B002-4B92-A313-ACA8D96B266B}.Release|Win32.ActiveCfg = Release|Win32
		{EFB47B32-B002-4B92-A313-ACA8D96B266B}.Release|Win32.Build.0 = Release|Win32
		{C390D034-C335-409E-92E6-41740D71349D}.Debug|Win32.ActiveCfg = Debug|Win32
		{C390D034-C335-409E-92E6-41740D71349D}.Debug|Win32.Build.0 = Debug|Win32
		{C390D034-C335-409E-92E6-41740D71349D}.Release|Win32.ActiveCfg = Release|Win32
		{C390D034-C335-409E-92E6-41740D71349D}.Release|Win32.Build.0 = Release|Win32
		{6698C71D-0D4E-4031-846A-8698F9C9D658}.Debug|Win32.ActiveCfg = Debug|Win32
		{6698C71D-0D4E-4031-846A-8698F9C9D658}.Debug|Win32.Build.0 = Debug|Win32
		{6698C71D-0D4E-4031-846A-8698F9C9D658}.Release|Win32.ActiveCfg = Release|Win32
		{6698C71D-0D4E-4031-846A-8698F9C9D658}.Release|Win32.Build.0 = Release|Win32
		{1BFCF112-1FA5-404B-9CDD-77F9D8E38BE3}.Debug|Win32.ActiveCfg = Debug|Win32
		{1BFCF112-1FA5-404B-9CDD-77F9D8E38BE3}.Debug|Win32.Build.0 = Debug|Win32
		{1BFCF112-1FA5-404B-9CDD-77F9D8E38BE3}.Release|Win32.ActiveCfg = Release|Win32
		{1BFCF112-1FA5-404B-9CDD-77F9D8E38BE3}.Release|Win32.Build.0 = Release|Win32
		{ED487B28-E445-464D-A09A-97BC9E57FC8D}.Debug|Win32.ActiveCfg = Debug|Win32
		{ED487B28-E445-464D-A09A-97BC9E57FC8D}.Debug|Win32.Build.0 = Debug|Win32
		{ED487B28-E445-464D-A09A-97BC9E57FC8D}.Release|Win32.ActiveCfg = Release|Win32
		{ED487B28-E445-464D-A09A-97BC9E57FC8D}.Release|Win32.Build.0 = Release|Win32
		{1AAAFFB1-0E0C-4D06-B18E-AC3816F97217}.Debug|Win32.ActiveCfg = Debug|Win32
		{1AAAFFB1-0E0C-4D06-B18E-AC3816F97217}.Debug|Win32.Build.0 = Debug|Win32
		{1AAAFFB1-0E0C-4D06-B18E-AC3816F97217}.Release|Win32.ActiveCfg = Release|Win32
		{1AAAFFB1-0E0C-4D06-B18E-AC3816F97217}.Release|Win32.Build.0 = Release|Win32
		{FBAA9433-4B1B-44FF-8EC9-F7C037859ABC}.Debug|Win32.ActiveCfg = Debug|Win32
		{FBAA9433-4B1B-44FF-8EC9-F7C037859ABC}.Debug|Win32.Build.0 = Debug|Win32
		{FBAA9433-4B1B-44FF-8EC9-F7C037859ABC}.Release|Win32.ActiveCfg = Release|Win32
		{FBAA9433-4B1B-44FF-8EC9-F7C037859ABC}.Release|Win32.Build.0 = Release|Win32
		{6AB710A6-1530-4D9B-B954-E772B69E7373}.Debug|Win32.ActiveCfg = Debug|Win32
		{6AB710A6-1530-4D9B-B954-E772B69E7373}.Debug|Win32.Build.0 = Debug|Win32
		{6AB710A6-1530-4D9B-B954-E772B69E7373}.Release|Win32.ActiveCfg = Release|Win32
		{6AB710A6-1530-4D9B-B954-E772B69E7373}.Release|Win32.Build.0 = Release|Win32
		{1678389A-7D53-4B43-AE3A-BBDA38D69DE2}.Debug|Win32.ActiveCfg = Debug|Win32
		{1678389A-7D53-4B43-AE3A-BBDA38D69DE2}.Debug|Win32.Build.0 = Debug|Win32
		{1678389A-7D53-4B43-AE3A-BBDA38D69DE2}.Release|Win32.ActiveCfg = Release|Win32
		{1678389A-7D53-4B43-AE3A-BBDA38D69DE2}.Release|Win32.Build.0 = Release|Win32
		{AAC4B8ED-F725-4563-9D41-3857D8B32CB4}.Debug|Win32.ActiveCfg = Debug|Win32
		{AAC4B8ED-F725-4563-9D41-3857D8B32CB4}.Debug|Win32.Build.0 = Debug|Win32
		{AAC4B8ED-F725-4563-9D41-3857D8B32CB4}.Release|Win32.ActiveCfg = Release|Win32
		{AAC4B8ED-F725-4563-9D41-3857D8B32CB4}.Release|Win32.Build.0 = Release|Win32
		{D7996415-9D41-4679-9EC6-DDCF925C4B31}.Debug|Win32.ActiveCfg = Debug|Win32
		{D7996415-9D41-4679-9EC6-DDCF925C4B31}.Debug|Win32.Build.0 = Debug|Win32
		{D7996415-9D41-4679-9EC6-DDCF925C4B31}.Release|Win32.ActiveCfg = Release|Win32
		{D7996415-9D41-4679-9EC6-DDCF925C4B31}.Release|Win32.Build.0 = Release|Win32
		{08387724-9751-4E0F-8195-6275084DB0CF}.Debug|Win32.ActiveCfg = Debug|Win32
		{08387724-9751-4E0F-8195-6275084DB0CF}.Debug|Win32.Build.0 = Debug|Win32
		{08387724-9751-4E0F-8195-6275084DB0CF}.Release|Win32.ActiveCfg = Release|Win32
		{08387724-9751-4E0F-8195-6275084DB0CF}.Release|Win32.Build.0 = Release|Win32
		{83460DD2-D59B-46FC-89AC-EAB90CD4B7D8}.Debug|Win32.ActiveCfg = Debug|Win32
		{83460DD2-D59B-46FC-89AC-EAB90CD4B7D8}.Debug|Win32.Build.0 = Debug|Win32
		{83460DD2-D59B-46FC-89AC-EAB90CD4B7D8}.Release|Win32.ActiveCfg = Release|Win32
		{83460DD2-D59B-46FC-89AC-EAB90CD4B7D8}.Release|Win32.Build.0 = Release|Win32
		{DBC36C55-96C5-403A-AACC-D71B6D841A4D}.Debug|Win32.ActiveCfg = Debug|Win32
		{DBC36C55-96C5-403A-AACC-D71B6D841A4D}.Debug|Win32.Build.0 = Debug|Win32
		{DBC36C55-96C5-403A-AACC-D71B6D841A4D}.Release|Win32.ActiveCfg = Release|Win32
		{DBC36C55-96C5-403A-AACC-D71B6D841A4D}.Release|Win32.Build.0 = Release|Win32
		{D5B762A4-3BDB-4D7C-8EB4-533B2BAE6EB6}.Debug|Win32.ActiveCfg = Debug|Win32
		{D5B762A4-3BDB-4D7C-8EB4-533B2BAE6EB6}.Debug|Win32.Build.0 = Debug|Win32
		{D5B762A4-3BDB-4D7C-8EB4-533B2BAE6EB6}.Release|Win32.ActiveCfg = Release|Win32
		{D5B762A4-3BDB-4D7C-8EB4-533B2BAE6EB6}.Release|Win32.Build.0 = Release|Win32
		{46F8C4C0-3B85-412F-B1A9-F9CD63AA9BB4}.Debug|Win32.ActiveCfg = Debug|Win32
		{46F8C4C0-3B85-412F-B1A9-F9CD63AA9BB4}.Debug|Win32.Build.0 = Debug|Win32
		{46F8C4C0-3B85-412F-B1A9-F9CD63AA9BB4}.Release|Win32.ActiveCfg = Release|Win32
		{46F8C4C0-3B85-412F-B1A9-F9CD63AA9BB4}.Release|Win32.Build.0 = Release|Win32
		{728C31C9-EBEC-4C01-8658-DC1BA60BE40F}.Debug|Win32.ActiveCfg = Debug|Win32
		{728C31C9-EBEC-4C01-8658-DC1BA60BE40F}.Debug|Win32.Build.0 = Debug|Win32
		{728C31C9-EBEC-4C01-8658-DC1BA60BE40F}.Release|Win32.ActiveCfg = Release|Win32
		{728C31C9-EBEC-4C01-8658-DC1BA60BE40F}.Release|Win32.Build.0 = Release|Win32
		{35F9BA10-1A66-4120-8E0E-749979249C8D}.Debug|Win32.ActiveCfg = Debug|Win32
		{35F9BA10-1A66-4120-8E0E-749979249C8D}.Debug|Win32.Build.0 = Debug|Win32
		{35F9BA10-1A66-4120-8E0E-749979249C8D}.Release|Win32.ActiveCfg = Release|Win32
		{35F9BA10-1A66-4120-8E0E-749979249C8D}.Release|Win32.Build.0 = Release|Win32
		{A16CF7D1-364D-412E-AF27-9C70C81DAE04}.Debug|Win32.ActiveCfg = Debug|Win32
		{A16CF7D1-364D-412E-AF27-9C70C81DAE04}.Debug|Win32.Build.0 = Debug|Win32
		{A16CF7D1-364D-412E-AF27-9C70C81DAE04}.Release|Win32.ActiveCfg = Release|Win32
		{A16CF7D1-364D-412E-AF27-9C70C81DAE04}.Release|Win32.Build.0 = Release|Win32
		{91F2E005-F8BF-4C80-8471-FAF4F5A93785}.Debug|Win32.ActiveCfg = Debug|Win32
		{91F2E005-F8BF-4C80-8471-FAF4F5A93785}.Debug|Win32.Build.0 = Debug|Win32
		{91F2E005-F8BF-4C80-8471-FAF4F5A93785}.Release|Win32.ActiveCfg = Release|Win32
		{91F2E005-F8BF-4C80-8471-FAF4F5A93785}.Release|Win32.Build.0 = Release|Win32
		{8C242464-8009-4A8A-9443-ABE406809C71}.Debug|Win32.ActiveCfg = Debug|Win32
		{8C242464-8009-4A8A-9443-ABE406809C71}.Debug|Win32.Build.0 = Debug|Win32
		{8C242464-8009-4A8A-9443-ABE406809C71}.Release|Win32.ActiveCfg = Release|Win32
		{8C242464-8009-4A8A-9443-ABE406809C71}.Release|Win32.Build.0 = Release|Win32
		{7470589A-7E7D-4274-835C-0FDAD6992F1D}.Debug|Win32.ActiveCfg = Debug|Win32
		{7470589A-7E7D-4274-835C-0FDAD6992F1D}.Debug|Win32.Build.0 = Debug|Win32
		{7470589A-7E7D-4274-835C-0FDAD6992F1D}.Release|Win32.ActiveCfg = Release|Win32
		{7470589A-7E7D-4274-835C-0FDAD6992F1D}.Release|Win32.Build.0 = Release|Win32
		{79DA46D0-2F90-46AC-A4FA-5045800EC32C}.Debug|Win32.ActiveCfg = Debug|Win32
		{79DA46D0-2F90-46AC-A4FA-5045800EC32C}.Debug|Win32.Build.0 = Debug|Win32
		{79DA46D0-2F90-46AC-A4FA-5045800EC32C}.Release|Win32.ActiveCfg = Release|Win32
		{79DA46D0-2F90-46AC-A4FA-5045800EC32C}.Release|Win32.Build.0 = Release|Win32
		{E561AECB-5EE5-4C4B-9D13-66DA799A8CEA}.Debug|Win32.ActiveCfg = Debug|Win32
		{E561AECB-5EE5-4C4B-9D13-66DA799A8CEA}.Debug|Win32.Build.0 = Debug|Win32
		{E561AECB-5EE5-4C4B-9D13-66DA799A8CEA}.Release|Win32.ActiveCfg = Release|Win32
		{E561AECB-5EE5-4C4B-9D13-66DA799A8CEA}.Release|Win32.Build.0 = Release|Win32
		{5DAC5765-9D6F-406C-B648-F7A879880C96}.Debug|Win32.ActiveCfg = Debug|Win32
		{5DAC5765-9D6F-406C-B648-F7A879880C96}.Debug|Win32.Build.0 = Debug|Win32
		{5DAC5765-9D6F-406C-B648-F7A879880C96}.Release|Win32.ActiveCfg = Release|Win32
		{5DAC5765-9D6F-406C-B648-F7A879880C96}.Release|Win32.Build.0 = Release|Win32
		{EDF96C40-B3CB-4F91-AB01-38424ACDA256}.Debug|Win32.ActiveCfg = Debug|Win32
		{EDF96C40-B3CB-4F91-AB01-38424ACDA256}.Debug|Win32.Build.0 = Debug|Win32
		{EDF96C40-B3CB-4F91-AB01-38424ACDA256}.Release|Win32.ActiveCfg = Release|Win32
		{EDF96C40-B3CB-4F91-AB01-38424ACDA256}.Release|Win32.Build.0 = Release|Win32
		{CA0D3C94-22D7-4322-AF0B-5F00EE1104A5}.Debug|Win32.ActiveCfg = Debug|Win32
		{CA0D3C94-22D7-4322-AF0B-5F00EE1104A5}.Debug|Win32.Build.0 = Debug|Win32
		{CA0D3C94-22D7-4322-AF0B-5F00EE1104A5}.Release|Win32.ActiveCfg = Release|Win32
		{CA0D3C94-22D7-4322-AF0B-5F00EE1104A5}.Release|Win32.Build.0 = Release|Win32
		{52034B63-5ADD-4F23-86AD-45494779B825}.Debug|Win32.ActiveCfg = Debug|Win32
		{52034B63-5ADD-4F23-86AD-45494779B825}.Debug|Win32.Build.0 = Debug|Win32
		{52034B63-5ADD-4F23-86AD-45494779B825}.Release|Win32.ActiveCfg = Release|Win32
		{52034B63-5ADD-4F23-86AD-45494779B825}.Release|Win32.Build.0 = Release|Win32
		{CF3F2637-4CAE-46DB-BB9D-BE23242BC9C2}.Debug|Win32.ActiveCfg = Debug|Win32
		{CF3F2637-4CAE-46DB-BB9D-BE23242BC9C2}.Debug|Win32.Build.0 = Debug|Win32
		{CF3F2637-4CAE-46DB-BB9D-BE23242BC9C2}.Release|Win32.ActiveCfg = Release|Win32
		{CF3F2637-4CAE-46DB-BB9D-BE23242BC9C2}.Release|Win32.Build.0 = Release|Win32
		{3426FAB0-4CA6-4623-8BCD-B89626EE7B0F}.Debug|Win32.ActiveCfg = Debug|Win32
		{3426FAB0-4CA6-4623-8BCD-B89626EE7B0F}.Debug|Win32.Build.0 = Debug|Win32
		{3426FAB0-4CA6-4623-8BCD-B89626EE7B0F}.Release|Win32.ActiveCfg = Release|Win32
		{3426FAB0-4CA6-4623-8BCD-B89626EE7B0F}.Release|Win32.Build.0 = Release|Win32
		{6CC8D8EE-BF3A-463F-844F-FBD151E0CBFB}.Debug|Win32.ActiveCfg = Debug|Win32
		{6CC8D8EE-BF3A-463F-844F-FBD151E0CBFB}.Debug|Win32.Build.0 = Debug|Win32
		{6CC8D8EE-BF3A-463F-844F-FBD151E0CBFB}.Release|Win32.ActiveCfg = Release|Win32
		{6CC8D8EE-BF3A-463F-844F-FBD151E0CBFB}.Release|Win32.Build.0 = Release|Win32
	EndGlobalSection
	GlobalSection(SolutionProperties) = preSolution
		HideSolutionNode = FALSE
	EndGlobalSection
	GlobalSection(NestedProjects) = preSolution
		{E1BA59EE-79FF-4484-BDC7-DE42DDA1E975} = {4A1755E9-DB6D-4CD2-83FB-D8F2A18E0268}
		{7573940E-5A1D-48A4-AAA1-BEF264D9B0C4} = {4A1755E9-DB6D-4CD2-83FB-D8F2A18E0268}
		{EB8C3EC3-74BC-4A24-97E5-133904A7ACA8} = {4A1755E9-DB6D-4CD2-83FB-D8F2A18E0268}
		{683A5E34-D5CA-4CB8-93E6-42D1C41DEE4D} = {4A1755E9-DB6D-4CD2-83FB-D8F2A18E0268}
		{12099554-E6D6-4F21-AB43-FEE67E3795A8} = {4A1755E9-DB6D-4CD2-83FB-D8F2A18E0268}
		{A20933BA-12B8-4AA5-BDFC-B5CF2579E70E} = {4A1755E9-DB6D-4CD2-83FB-D8F2A18E0268}
		{5B44540E-78B6-4355-AC15-4DE8B88F3781} = {4A1755E9-DB6D-4CD2-83FB-D8F2A18E0268}
		{0BFBD83F-961F-4A6E-A6D7-3B771B298D2E} = {4A1755E9-DB6D-4CD2-83FB-D8F2A18E0268}
		{3BEB18C5-2F88-447F-B52E-1EE3A912F81C} = {4A1755E9-DB6D-4CD2-83FB-D8F2A18E0268}
		{88EA0F51-415E-4F4A-980D-5F6602903704} = {4A1755E9-DB6D-4CD2-83FB-D8F2A18E0268}
		{978EB4E8-7462-40C5-9049-83FF9592BA75} = {4A1755E9-DB6D-4CD2-83FB-D8F2A18E0268}
		{EFB47B32-B002-4B92-A313-ACA8D96B266B} = {4A1755E9-DB6D-4CD2-83FB-D8F2A18E0268}
		{C390D034-C335-409E-92E6-41740D71349D} = {4A1755E9-DB6D-4CD2-83FB-D8F2A18E0268}
		{1BFCF112-1FA5-404B-9CDD-77F9D8E38BE3} = {4A1755E9-DB6D-4CD2-83FB-D8F2A18E0268}
		{1678389A-7D53-4B43-AE3A-BBDA38D69DE2} = {4A1755E9-DB6D-4CD2-83FB-D8F2A18E0268}
		{D7996415-9D41-4679-9EC6-DDCF925C4B31} = {4A1755E9-DB6D-4CD2-83FB-D8F2A18E0268}
		{08387724-9751-4E0F-8195-6275084DB0CF} = {4A1755E9-DB6D-4CD2-83FB-D8F2A18E0268}
		{83460DD2-D59B-46FC-89AC-EAB90CD4B7D8} = {4A1755E9-DB6D-4CD2-83FB-D8F2A18E0268}
		{DBC36C55-96C5-403A-AACC-D71B6D841A4D} = {4A1755E9-DB6D-4CD2-83FB-D8F2A18E0268}
		{ED487B28-E445-464D-A09A-97BC9E57FC8D} = {B05A7B62-D27C-48B3-9AA6-AC15ABC38BD8}
		{1AAAFFB1-0E0C-4D06-B18E-AC3816F97217} = {57FFC37A-0073-4D67-92D4-98FB5C4A309A}
		{FBAA9433-4B1B-44FF-8EC9-F7C037859ABC} = {57FFC37A-0073-4D67-92D4-98FB5C4A309A}
		{6AB710A6-1530-4D9B-B954-E772B69E7373} = {57FFC37A-0073-4D67-92D4-98FB5C4A309A}
		{AAC4B8ED-F725-4563-9D41-3857D8B32CB4} = {52446C02-0696-4691-95FD-5E737EECBE67}
		{7470589A-7E7D-4274-835C-0FDAD6992F1D} = {52446C02-0696-4691-95FD-5E737EECBE67}
		{79DA46D0-2F90-46AC-A4FA-5045800EC32C} = {52446C02-0696-4691-95FD-5E737EECBE67}
		{E561AECB-5EE5-4C4B-9D13-66DA799A8CEA} = {52446C02-0696-4691-95FD-5E737EECBE67}
		{5DAC5765-9D6F-406C-B648-F7A879880C96} = {52446C02-0696-4691-95FD-5E737EECBE67}
		{CA0D3C94-22D7-4322-AF0B-5F00EE1104A5} = {52446C02-0696-4691-95FD-5E737EECBE67}
		{CF3F2637-4CAE-46DB-BB9D-BE23242BC9C2} = {52446C02-0696-4691-95FD-5E737EECBE67}
		{3426FAB0-4CA6-4623-8BCD-B89626EE7B0F} = {52446C02-0696-4691-95FD-5E737EECBE67}
		{6CC8D8EE-BF3A-463F-844F-FBD151E0CBFB} = {52446C02-0696-4691-95FD-5E737EECBE67}
		{D5B762A4-3BDB-4D7C-8EB4-533B2BAE6EB6} = {EBECB34C-801E-43D7-9FDF-EDE249CF053D}
		{46F8C4C0-3B85-412F-B1A9-F9CD63AA9BB4} = {EBECB34C-801E-43D7-9FDF-EDE249CF053D}
		{728C31C9-EBEC-4C01-8658-DC1BA60BE40F} = {EBECB34C-801E-43D7-9FDF-EDE249CF053D}
		{35F9BA10-1A66-4120-8E0E-749979249C8D} = {EBECB34C-801E-43D7-9FDF-EDE249CF053D}
		{A16CF7D1-364D-412E-AF27-9C70C81DAE04} = {EBECB34C-801E-43D7-9FDF-EDE249CF053D}
		{91F2E005-F8BF-4C80-8471-FAF4F5A93785} = {EBECB34C-801E-43D7-9FDF-EDE249CF053D}
	EndGlobalSection
EndGlobal
