
Microsoft Visual Studio Solution File, Format Version 12.00
# Visual Studio 2012
Project("{8BC9CEB8-8B4A-11D0-8D11-00A0C91BC942}") = "HelloWorld", "HelloWorld\HelloWorld.vcxproj", "{1201A21A-E577-4AFA-AA48-5847A0771194}"
EndProject
Project("{2150E333-8FDC-42A3-9474-1A3956D46DE8}") = "Controls", "Controls", "{4A1755E9-DB6D-4CD2-83FB-D8F2A18E0268}"
EndProject
Project("{8BC9CEB8-8B4A-11D0-8D11-00A0C91BC942}") = "Controls.Label.Hyperlink", "Controls.Label.Hyperlink\Controls.Label.Hyperlink.vcxproj", "{E1BA59EE-79FF-4484-BDC7-DE42DDA1E975}"
EndProject
Project("{8BC9CEB8-8B4A-11D0-8D11-00A0C91BC942}") = "Controls.Button.EnableDisable", "Controls.Button.EnableDisable\Controls.Button.EnableDisable.vcxproj", "{7573940E-5A1D-48A4-AAA1-BEF264D9B0C4}"
EndProject
Project("{8BC9CEB8-8B4A-11D0-8D11-00A0C91BC942}") = "Controls.Button.CheckAndRadio", "Controls.Button.CheckAndRadio\Controls.Button.CheckAndRadio.vcxproj", "{EB8C3EC3-74BC-4A24-97E5-133904A7ACA8}"
EndProject
Project("{8BC9CEB8-8B4A-11D0-8D11-00A0C91BC942}") = "Controls.Tab.TextBoxPage", "Controls.Tab.TextBoxPage\Controls.Tab.TextBoxPage.vcxproj", "{683A5E34-D5CA-4CB8-93E6-42D1C41DEE4D}"
EndProject
Project("{8BC9CEB8-8B4A-11D0-8D11-00A0C91BC942}") = "Controls.TextBox.Editor", "Controls.TextBox.Editor\Controls.TextBox.Editor.vcxproj", "{12099554-E6D6-4F21-AB43-FEE67E3795A8}"
EndProject
Project("{8BC9CEB8-8B4A-11D0-8D11-00A0C91BC942}") = "Controls.TextBox.Colorizer", "Controls.TextBox.Colorizer\Controls.TextBox.Colorizer.vcxproj", "{A20933BA-12B8-4AA5-BDFC-B5CF2579E70E}"
EndProject
Project("{8BC9CEB8-8B4A-11D0-8D11-00A0C91BC942}") = "Controls.ListBox.NameSelector", "Controls.ListBox.NameSelector\Controls.ListBox.NameSelector.vcxproj", "{5B44540E-78B6-4355-AC15-4DE8B88F3781}"
EndProject
Project("{8BC9CEB8-8B4A-11D0-8D11-00A0C91BC942}") = "Controls.ListBox.VirtualMode", "Controls.ListBox.VirtualMode\Controls.ListBox.VirtualMode.vcxproj", "{0BFBD83F-961F-4A6E-A6D7-3B771B298D2E}"
EndProject
Project("{8BC9CEB8-8B4A-11D0-8D11-00A0C91BC942}") = "Controls.ListBox.NameEditor", "Controls.ListBox.NameEditor\Controls.ListBox.NameEditor.vcxproj", "{3BEB18C5-2F88-447F-B52E-1EE3A912F81C}"
EndProject
Project("{8BC9CEB8-8B4A-11D0-8D11-00A0C91BC942}") = "Controls.ListView.ViewSwitching", "Controls.ListView.ViewSwitching\Controls.ListView.ViewSwitching.vcxproj", "{88EA0F51-415E-4F4A-980D-5F6602903704}"
EndProject
Project("{8BC9CEB8-8B4A-11D0-8D11-00A0C91BC942}") = "Controls.ListView.VirtualMode", "Controls.ListView.VirtualMode\Controls.ListView.VirtualMode.vcxproj", "{978EB4E8-7462-40C5-9049-83FF9592BA75}"
EndProject
Project("{8BC9CEB8-8B4A-11D0-8D11-00A0C91BC942}") = "Controls.ListView.SortingAndFiltering", "Controls.ListView.SortingAndFiltering\Controls.ListView.SortingAndFiltering.vcxproj", "{EFB47B32-B002-4B92-A313-ACA8D96B266B}"
EndProject
Project("{8BC9CEB8-8B4A-11D0-8D11-00A0C91BC942}") = "Controls.TreeView.FileExplorer", "Controls.TreeView.FileExplorer\Controls.TreeView.FileExplorer.vcxproj", "{C390D034-C335-409E-92E6-41740D71349D}"
EndProject
Project("{8BC9CEB8-8B4A-11D0-8D11-00A0C91BC942}") = "Controls.Toolstrip.TextEditor", "Controls.Toolstrip.TextEditor\Controls.Toolstrip.TextEditor.vcxproj", "{EA1C16BF-1A9D-4DB1-8F9A-B32C53047164}"
EndProject
Project("{8BC9CEB8-8B4A-11D0-8D11-00A0C91BC942}") = "GacUIStaticLibrary", "GacUIStaticLibrary\GacUIStaticLibrary.vcxproj", "{6698C71D-0D4E-4031-846A-8698F9C9D658}"
EndProject
Project("{8BC9CEB8-8B4A-11D0-8D11-00A0C91BC942}") = "Controls.Scroll.ColorPicker", "Controls.Scroll.ColorPicker\Controls.Scroll.ColorPicker.vcxproj", "{1BFCF112-1FA5-404B-9CDD-77F9D8E38BE3}"
EndProject
Project("{2150E333-8FDC-42A3-9474-1A3956D46DE8}") = "Template", "Template", "{B05A7B62-D27C-48B3-9AA6-AC15ABC38BD8}"
EndProject
Project("{8BC9CEB8-8B4A-11D0-8D11-00A0C91BC942}") = "Template.Window.CustomizedBorder", "Template.Window.CustomizedBorder\Template.Window.CustomizedBorder.vcxproj", "{ED487B28-E445-464D-A09A-97BC9E57FC8D}"
	ProjectSection(ProjectDependencies) = postProject
		{6698C71D-0D4E-4031-846A-8698F9C9D658} = {6698C71D-0D4E-4031-846A-8698F9C9D658}
	EndProjectSection
EndProject
Project("{2150E333-8FDC-42A3-9474-1A3956D46DE8}") = "Rendering", "Rendering", "{57FFC37A-0073-4D67-92D4-98FB5C4A309A}"
EndProject
Project("{8BC9CEB8-8B4A-11D0-8D11-00A0C91BC942}") = "Rendering.RawAPI.GDI", "Rendering.RawAPI.GDI\Rendering.RawAPI.GDI.vcxproj", "{1AAAFFB1-0E0C-4D06-B18E-AC3816F97217}"
EndProject
Project("{8BC9CEB8-8B4A-11D0-8D11-00A0C91BC942}") = "Rendering.RawAPI.Direct2D", "Rendering.RawAPI.Direct2D\Rendering.RawAPI.Direct2D.vcxproj", "{FBAA9433-4B1B-44FF-8EC9-F7C037859ABC}"
EndProject
Project("{8BC9CEB8-8B4A-11D0-8D11-00A0C91BC942}") = "Rendering.TextLayout.RichText", "Rendering.TextLayout.RichText\Rendering.TextLayout.RichText.vcxproj", "{6AB710A6-1530-4D9B-B954-E772B69E7373}"
EndProject
Project("{8BC9CEB8-8B4A-11D0-8D11-00A0C91BC942}") = "Controls.Tooltip.RichTextAndResource", "Controls.Tooltip.RichTextAndResource\Controls.Tooltip.RichTextAndResource.vcxproj", "{1678389A-7D53-4B43-AE3A-BBDA38D69DE2}"
EndProject
Project("{2150E333-8FDC-42A3-9474-1A3956D46DE8}") = "Persistant", "Persistant", "{52446C02-0696-4691-95FD-5E737EECBE67}"
EndProject
Project("{8BC9CEB8-8B4A-11D0-8D11-00A0C91BC942}") = "Persistant.DirectCode.SimpleWindow", "Persistant.DirectCode.SimpleWindow\Persistant.DirectCode.SimpleWindow.vcxproj", "{AAC4B8ED-F725-4563-9D41-3857D8B32CB4}"
EndProject
Project("{8BC9CEB8-8B4A-11D0-8D11-00A0C91BC942}") = "Controls.DataGrid.ChemicalElements", "Controls.DataGrid.ChemicalElements\Controls.DataGrid.ChemicalElements.vcxproj", "{D7996415-9D41-4679-9EC6-DDCF925C4B31}"
EndProject
Project("{8BC9CEB8-8B4A-11D0-8D11-00A0C91BC942}") = "Controls.DataGrid.FileExplorer", "Controls.DataGrid.FileExplorer\Controls.DataGrid.FileExplorer.vcxproj", "{08387724-9751-4E0F-8195-6275084DB0CF}"
EndProject
Project("{8BC9CEB8-8B4A-11D0-8D11-00A0C91BC942}") = "Controls.DatePicker.DateAndLocale", "Controls.DatePicker.DateAndLocale\Controls.DatePicker.DateAndLocale.vcxproj", "{83460DD2-D59B-46FC-89AC-EAB90CD4B7D8}"
EndProject
Project("{8BC9CEB8-8B4A-11D0-8D11-00A0C91BC942}") = "Controls.DataGrid.TableEditor", "Controls.DataGrid.TableEditor\Controls.DataGrid.TableEditor.vcxproj", "{DBC36C55-96C5-403A-AACC-D71B6D841A4D}"
EndProject
Project("{2150E333-8FDC-42A3-9474-1A3956D46DE8}") = "Editor", "Editor", "{EBECB34C-801E-43D7-9FDF-EDE249CF053D}"
EndProject
Project("{8BC9CEB8-8B4A-11D0-8D11-00A0C91BC942}") = "Editor.Colorizer.Xml", "Editor.Colorizer.Xml\Editor.Colorizer.Xml.vcxproj", "{D5B762A4-3BDB-4D7C-8EB4-533B2BAE6EB6}"
EndProject
Project("{8BC9CEB8-8B4A-11D0-8D11-00A0C91BC942}") = "Editor.Colorizer.Json", "Editor.Colorizer.Json\Editor.Colorizer.Json.vcxproj", "{46F8C4C0-3B85-412F-B1A9-F9CD63AA9BB4}"
EndProject
Project("{8BC9CEB8-8B4A-11D0-8D11-00A0C91BC942}") = "Editor.Colorizer.Grammar", "Editor.Colorizer.Grammar\Editor.Colorizer.Grammar.vcxproj", "{728C31C9-EBEC-4C01-8658-DC1BA60BE40F}"
EndProject
Project("{8BC9CEB8-8B4A-11D0-8D11-00A0C91BC942}") = "Editor.AutoComplete.Grammar", "Editor.AutoComplete.Grammar\Editor.AutoComplete.Grammar.vcxproj", "{35F9BA10-1A66-4120-8E0E-749979249C8D}"
EndProject
Global
	GlobalSection(TeamFoundationVersionControl) = preSolution
		SccNumberOfProjects = 32
		SccEnterpriseProvider = {4CA58AB2-18FA-4F8D-95D4-32DDF27D184C}
		SccTeamFoundationServer = https://tfs.codeplex.com/tfs/tfs02
		SccLocalPath0 = .
		SccProjectUniqueName1 = HelloWorld\\HelloWorld.vcxproj
		SccProjectName1 = HelloWorld
		SccLocalPath1 = HelloWorld
		SccProjectUniqueName2 = Controls.Label.Hyperlink\\Controls.Label.Hyperlink.vcxproj
		SccProjectTopLevelParentUniqueName2 = GacUIDemo.sln
		SccProjectName2 = Controls.Label.Hyperlink
		SccLocalPath2 = Controls.Label.Hyperlink
		SccProjectUniqueName3 = Controls.Button.EnableDisable\\Controls.Button.EnableDisable.vcxproj
		SccProjectTopLevelParentUniqueName3 = GacUIDemo.sln
		SccProjectName3 = Controls.Button.EnableDisable
		SccLocalPath3 = Controls.Button.EnableDisable
		SccProjectUniqueName4 = Controls.Button.CheckAndRadio\\Controls.Button.CheckAndRadio.vcxproj
		SccProjectTopLevelParentUniqueName4 = GacUIDemo.sln
		SccProjectName4 = Controls.Button.CheckAndRadio
		SccLocalPath4 = Controls.Button.CheckAndRadio
		SccProjectUniqueName5 = Controls.Tab.TextBoxPage\\Controls.Tab.TextBoxPage.vcxproj
		SccProjectTopLevelParentUniqueName5 = GacUIDemo.sln
		SccProjectName5 = Controls.Tab.TextBoxPage
		SccLocalPath5 = Controls.Tab.TextBoxPage
		SccProjectUniqueName6 = Controls.TextBox.Editor\\Controls.TextBox.Editor.vcxproj
		SccProjectTopLevelParentUniqueName6 = GacUIDemo.sln
		SccProjectName6 = Controls.TextBox.Editor
		SccLocalPath6 = Controls.TextBox.Editor
		SccProjectUniqueName7 = Controls.TextBox.Colorizer\\Controls.TextBox.Colorizer.vcxproj
		SccProjectTopLevelParentUniqueName7 = GacUIDemo.sln
		SccProjectName7 = Controls.TextBox.Colorizer
		SccLocalPath7 = Controls.TextBox.Colorizer
		SccProjectUniqueName8 = Controls.ListBox.NameSelector\\Controls.ListBox.NameSelector.vcxproj
		SccProjectTopLevelParentUniqueName8 = GacUIDemo.sln
		SccProjectName8 = Controls.ListBox.NameSelector
		SccLocalPath8 = Controls.ListBox.NameSelector
		SccProjectUniqueName9 = Controls.ListBox.VirtualMode\\Controls.ListBox.VirtualMode.vcxproj
		SccProjectTopLevelParentUniqueName9 = GacUIDemo.sln
		SccProjectName9 = Controls.ListBox.VirtualMode
		SccLocalPath9 = Controls.ListBox.VirtualMode
		SccProjectUniqueName10 = Controls.ListBox.NameEditor\\Controls.ListBox.NameEditor.vcxproj
		SccProjectTopLevelParentUniqueName10 = GacUIDemo.sln
		SccProjectName10 = Controls.ListBox.NameEditor
		SccLocalPath10 = Controls.ListBox.NameEditor
		SccProjectUniqueName11 = Controls.ListView.ViewSwitching\\Controls.ListView.ViewSwitching.vcxproj
		SccProjectTopLevelParentUniqueName11 = GacUIDemo.sln
		SccProjectName11 = Controls.ListView.ViewSwitching
		SccLocalPath11 = Controls.ListView.ViewSwitching
		SccProjectUniqueName12 = Controls.ListView.VirtualMode\\Controls.ListView.VirtualMode.vcxproj
		SccProjectTopLevelParentUniqueName12 = GacUIDemo.sln
		SccProjectName12 = Controls.ListView.VirtualMode
		SccLocalPath12 = Controls.ListView.VirtualMode
		SccProjectUniqueName13 = Controls.ListView.SortingAndFiltering\\Controls.ListView.SortingAndFiltering.vcxproj
		SccProjectTopLevelParentUniqueName13 = GacUIDemo.sln
		SccProjectName13 = Controls.ListView.SortingAndFiltering
		SccLocalPath13 = Controls.ListView.SortingAndFiltering
		SccProjectUniqueName14 = Controls.TreeView.FileExplorer\\Controls.TreeView.FileExplorer.vcxproj
		SccProjectTopLevelParentUniqueName14 = GacUIDemo.sln
		SccProjectName14 = Controls.TreeView.FileExplorer
		SccLocalPath14 = Controls.TreeView.FileExplorer
		SccProjectUniqueName15 = Controls.Toolstrip.TextEditor\\Controls.Toolstrip.TextEditor.vcxproj
		SccProjectTopLevelParentUniqueName15 = GacUIDemo.sln
		SccProjectName15 = Controls.Toolstrip.TextEditor
		SccLocalPath15 = Controls.Toolstrip.TextEditor
		SccProjectUniqueName16 = GacUIStaticLibrary\\GacUIStaticLibrary.vcxproj
		SccProjectName16 = GacUIStaticLibrary
		SccLocalPath16 = GacUIStaticLibrary
		SccProjectUniqueName17 = Controls.Scroll.ColorPicker\\Controls.Scroll.ColorPicker.vcxproj
		SccProjectTopLevelParentUniqueName17 = GacUIDemo.sln
		SccProjectName17 = Controls.Scroll.ColorPicker
		SccLocalPath17 = Controls.Scroll.ColorPicker
		SccProjectUniqueName18 = Template.Window.CustomizedBorder\\Template.Window.CustomizedBorder.vcxproj
		SccProjectTopLevelParentUniqueName18 = GacUIDemo.sln
		SccProjectName18 = Template.Window.CustomizedBorder
		SccLocalPath18 = Template.Window.CustomizedBorder
		SccProjectUniqueName19 = Rendering.RawAPI.GDI\\Rendering.RawAPI.GDI.vcxproj
		SccProjectTopLevelParentUniqueName19 = GacUIDemo.sln
		SccProjectName19 = Rendering.RawAPI.GDI
		SccLocalPath19 = Rendering.RawAPI.GDI
		SccProjectUniqueName20 = Rendering.RawAPI.Direct2D\\Rendering.RawAPI.Direct2D.vcxproj
		SccProjectTopLevelParentUniqueName20 = GacUIDemo.sln
		SccProjectName20 = Rendering.RawAPI.Direct2D
		SccLocalPath20 = Rendering.RawAPI.Direct2D
		SccProjectUniqueName21 = Rendering.TextLayout.RichText\\Rendering.TextLayout.RichText.vcxproj
		SccProjectTopLevelParentUniqueName21 = GacUIDemo.sln
		SccProjectName21 = Rendering.TextLayout.RichText
		SccLocalPath21 = Rendering.TextLayout.RichText
		SccProjectUniqueName22 = Controls.Tooltip.RichTextAndResource\\Controls.Tooltip.RichTextAndResource.vcxproj
		SccProjectTopLevelParentUniqueName22 = GacUIDemo.sln
		SccProjectName22 = Controls.Tooltip.RichTextAndResource
		SccLocalPath22 = Controls.Tooltip.RichTextAndResource
		SccProjectUniqueName23 = Persistant.DirectCode.SimpleWindow\\Persistant.DirectCode.SimpleWindow.vcxproj
		SccProjectTopLevelParentUniqueName23 = GacUIDemo.sln
		SccProjectName23 = Persistant.DirectCode.SimpleWindow
		SccLocalPath23 = Persistant.DirectCode.SimpleWindow
		SccProjectUniqueName24 = Controls.DataGrid.ChemicalElements\\Controls.DataGrid.ChemicalElements.vcxproj
		SccProjectTopLevelParentUniqueName24 = GacUIDemo.sln
		SccProjectName24 = Controls.DataGrid.ChemicalElements
		SccLocalPath24 = Controls.DataGrid.ChemicalElements
		SccProjectUniqueName25 = Controls.DataGrid.FileExplorer\\Controls.DataGrid.FileExplorer.vcxproj
		SccProjectTopLevelParentUniqueName25 = GacUIDemo.sln
		SccProjectName25 = Controls.DataGrid.FileExplorer
		SccLocalPath25 = Controls.DataGrid.FileExplorer
		SccProjectUniqueName26 = Controls.DatePicker.DateAndLocale\\Controls.DatePicker.DateAndLocale.vcxproj
		SccProjectTopLevelParentUniqueName26 = GacUIDemo.sln
		SccProjectName26 = Controls.DatePicker.DateAndLocale
		SccLocalPath26 = Controls.DatePicker.DateAndLocale
		SccProjectUniqueName27 = Controls.DataGrid.TableEditor\\Controls.DataGrid.TableEditor.vcxproj
		SccProjectTopLevelParentUniqueName27 = GacUIDemo.sln
		SccProjectName27 = Controls.DataGrid.TableEditor
		SccLocalPath27 = Controls.DataGrid.TableEditor
		SccProjectUniqueName28 = Editor.Colorizer.Xml\\Editor.Colorizer.Xml.vcxproj
		SccProjectTopLevelParentUniqueName28 = GacUIDemo.sln
		SccProjectName28 = Editor.Colorizer.Xml
		SccLocalPath28 = Editor.Colorizer.Xml
		SccProjectUniqueName29 = Editor.Colorizer.Json\\Editor.Colorizer.Json.vcxproj
		SccProjectTopLevelParentUniqueName29 = GacUIDemo.sln
		SccProjectName29 = Editor.Colorizer.Json
		SccLocalPath29 = Editor.Colorizer.Json
		SccProjectUniqueName30 = Editor.Colorizer.Grammar\\Editor.Colorizer.Grammar.vcxproj
		SccProjectTopLevelParentUniqueName30 = GacUIDemo.sln
		SccProjectName30 = Editor.Colorizer.Grammar
		SccLocalPath30 = Editor.Colorizer.Grammar
		SccProjectUniqueName31 = Editor.AutoComplete.Grammar\\Editor.AutoComplete.Grammar.vcxproj
		SccProjectTopLevelParentUniqueName31 = GacUIDemo.sln
		SccProjectName31 = Editor.AutoComplete.Grammar
		SccLocalPath31 = Editor.AutoComplete.Grammar
	EndGlobalSection
	GlobalSection(SolutionConfigurationPlatforms) = preSolution
		Debug|Win32 = Debug|Win32
		Release|Win32 = Release|Win32
	EndGlobalSection
	GlobalSection(ProjectConfigurationPlatforms) = postSolution
		{1201A21A-E577-4AFA-AA48-5847A0771194}.Debug|Win32.ActiveCfg = Debug|Win32
		{1201A21A-E577-4AFA-AA48-5847A0771194}.Debug|Win32.Build.0 = Debug|Win32
		{1201A21A-E577-4AFA-AA48-5847A0771194}.Release|Win32.ActiveCfg = Release|Win32
		{1201A21A-E577-4AFA-AA48-5847A0771194}.Release|Win32.Build.0 = Release|Win32
		{E1BA59EE-79FF-4484-BDC7-DE42DDA1E975}.Debug|Win32.ActiveCfg = Debug|Win32
		{E1BA59EE-79FF-4484-BDC7-DE42DDA1E975}.Debug|Win32.Build.0 = Debug|Win32
		{E1BA59EE-79FF-4484-BDC7-DE42DDA1E975}.Release|Win32.ActiveCfg = Release|Win32
		{E1BA59EE-79FF-4484-BDC7-DE42DDA1E975}.Release|Win32.Build.0 = Release|Win32
		{7573940E-5A1D-48A4-AAA1-BEF264D9B0C4}.Debug|Win32.ActiveCfg = Debug|Win32
		{7573940E-5A1D-48A4-AAA1-BEF264D9B0C4}.Debug|Win32.Build.0 = Debug|Win32
		{7573940E-5A1D-48A4-AAA1-BEF264D9B0C4}.Release|Win32.ActiveCfg = Release|Win32
		{7573940E-5A1D-48A4-AAA1-BEF264D9B0C4}.Release|Win32.Build.0 = Release|Win32
		{EB8C3EC3-74BC-4A24-97E5-133904A7ACA8}.Debug|Win32.ActiveCfg = Debug|Win32
		{EB8C3EC3-74BC-4A24-97E5-133904A7ACA8}.Debug|Win32.Build.0 = Debug|Win32
		{EB8C3EC3-74BC-4A24-97E5-133904A7ACA8}.Release|Win32.ActiveCfg = Release|Win32
		{EB8C3EC3-74BC-4A24-97E5-133904A7ACA8}.Release|Win32.Build.0 = Release|Win32
		{683A5E34-D5CA-4CB8-93E6-42D1C41DEE4D}.Debug|Win32.ActiveCfg = Debug|Win32
		{683A5E34-D5CA-4CB8-93E6-42D1C41DEE4D}.Debug|Win32.Build.0 = Debug|Win32
		{683A5E34-D5CA-4CB8-93E6-42D1C41DEE4D}.Release|Win32.ActiveCfg = Release|Win32
		{683A5E34-D5CA-4CB8-93E6-42D1C41DEE4D}.Release|Win32.Build.0 = Release|Win32
		{12099554-E6D6-4F21-AB43-FEE67E3795A8}.Debug|Win32.ActiveCfg = Debug|Win32
		{12099554-E6D6-4F21-AB43-FEE67E3795A8}.Debug|Win32.Build.0 = Debug|Win32
		{12099554-E6D6-4F21-AB43-FEE67E3795A8}.Release|Win32.ActiveCfg = Release|Win32
		{12099554-E6D6-4F21-AB43-FEE67E3795A8}.Release|Win32.Build.0 = Release|Win32
		{A20933BA-12B8-4AA5-BDFC-B5CF2579E70E}.Debug|Win32.ActiveCfg = Debug|Win32
		{A20933BA-12B8-4AA5-BDFC-B5CF2579E70E}.Debug|Win32.Build.0 = Debug|Win32
		{A20933BA-12B8-4AA5-BDFC-B5CF2579E70E}.Release|Win32.ActiveCfg = Release|Win32
		{A20933BA-12B8-4AA5-BDFC-B5CF2579E70E}.Release|Win32.Build.0 = Release|Win32
		{5B44540E-78B6-4355-AC15-4DE8B88F3781}.Debug|Win32.ActiveCfg = Debug|Win32
		{5B44540E-78B6-4355-AC15-4DE8B88F3781}.Debug|Win32.Build.0 = Debug|Win32
		{5B44540E-78B6-4355-AC15-4DE8B88F3781}.Release|Win32.ActiveCfg = Release|Win32
		{5B44540E-78B6-4355-AC15-4DE8B88F3781}.Release|Win32.Build.0 = Release|Win32
		{0BFBD83F-961F-4A6E-A6D7-3B771B298D2E}.Debug|Win32.ActiveCfg = Debug|Win32
		{0BFBD83F-961F-4A6E-A6D7-3B771B298D2E}.Debug|Win32.Build.0 = Debug|Win32
		{0BFBD83F-961F-4A6E-A6D7-3B771B298D2E}.Release|Win32.ActiveCfg = Release|Win32
		{0BFBD83F-961F-4A6E-A6D7-3B771B298D2E}.Release|Win32.Build.0 = Release|Win32
		{3BEB18C5-2F88-447F-B52E-1EE3A912F81C}.Debug|Win32.ActiveCfg = Debug|Win32
		{3BEB18C5-2F88-447F-B52E-1EE3A912F81C}.Debug|Win32.Build.0 = Debug|Win32
		{3BEB18C5-2F88-447F-B52E-1EE3A912F81C}.Release|Win32.ActiveCfg = Release|Win32
		{3BEB18C5-2F88-447F-B52E-1EE3A912F81C}.Release|Win32.Build.0 = Release|Win32
		{88EA0F51-415E-4F4A-980D-5F6602903704}.Debug|Win32.ActiveCfg = Debug|Win32
		{88EA0F51-415E-4F4A-980D-5F6602903704}.Debug|Win32.Build.0 = Debug|Win32
		{88EA0F51-415E-4F4A-980D-5F6602903704}.Release|Win32.ActiveCfg = Release|Win32
		{88EA0F51-415E-4F4A-980D-5F6602903704}.Release|Win32.Build.0 = Release|Win32
		{978EB4E8-7462-40C5-9049-83FF9592BA75}.Debug|Win32.ActiveCfg = Debug|Win32
		{978EB4E8-7462-40C5-9049-83FF9592BA75}.Debug|Win32.Build.0 = Debug|Win32
		{978EB4E8-7462-40C5-9049-83FF9592BA75}.Release|Win32.ActiveCfg = Release|Win32
		{978EB4E8-7462-40C5-9049-83FF9592BA75}.Release|Win32.Build.0 = Release|Win32
		{EFB47B32-B002-4B92-A313-ACA8D96B266B}.Debug|Win32.ActiveCfg = Debug|Win32
		{EFB47B32-B002-4B92-A313-ACA8D96B266B}.Debug|Win32.Build.0 = Debug|Win32
		{EFB47B32-B002-4B92-A313-ACA8D96B266B}.Release|Win32.ActiveCfg = Release|Win32
		{EFB47B32-B002-4B92-A313-ACA8D96B266B}.Release|Win32.Build.0 = Release|Win32
		{C390D034-C335-409E-92E6-41740D71349D}.Debug|Win32.ActiveCfg = Debug|Win32
		{C390D034-C335-409E-92E6-41740D71349D}.Debug|Win32.Build.0 = Debug|Win32
		{C390D034-C335-409E-92E6-41740D71349D}.Release|Win32.ActiveCfg = Release|Win32
		{C390D034-C335-409E-92E6-41740D71349D}.Release|Win32.Build.0 = Release|Win32
		{EA1C16BF-1A9D-4DB1-8F9A-B32C53047164}.Debug|Win32.ActiveCfg = Debug|Win32
		{EA1C16BF-1A9D-4DB1-8F9A-B32C53047164}.Debug|Win32.Build.0 = Debug|Win32
		{EA1C16BF-1A9D-4DB1-8F9A-B32C53047164}.Release|Win32.ActiveCfg = Release|Win32
		{EA1C16BF-1A9D-4DB1-8F9A-B32C53047164}.Release|Win32.Build.0 = Release|Win32
		{6698C71D-0D4E-4031-846A-8698F9C9D658}.Debug|Win32.ActiveCfg = Debug|Win32
		{6698C71D-0D4E-4031-846A-8698F9C9D658}.Debug|Win32.Build.0 = Debug|Win32
		{6698C71D-0D4E-4031-846A-8698F9C9D658}.Release|Win32.ActiveCfg = Release|Win32
		{6698C71D-0D4E-4031-846A-8698F9C9D658}.Release|Win32.Build.0 = Release|Win32
		{1BFCF112-1FA5-404B-9CDD-77F9D8E38BE3}.Debug|Win32.ActiveCfg = Debug|Win32
		{1BFCF112-1FA5-404B-9CDD-77F9D8E38BE3}.Debug|Win32.Build.0 = Debug|Win32
		{1BFCF112-1FA5-404B-9CDD-77F9D8E38BE3}.Release|Win32.ActiveCfg = Release|Win32
		{1BFCF112-1FA5-404B-9CDD-77F9D8E38BE3}.Release|Win32.Build.0 = Release|Win32
		{ED487B28-E445-464D-A09A-97BC9E57FC8D}.Debug|Win32.ActiveCfg = Debug|Win32
		{ED487B28-E445-464D-A09A-97BC9E57FC8D}.Debug|Win32.Build.0 = Debug|Win32
		{ED487B28-E445-464D-A09A-97BC9E57FC8D}.Release|Win32.ActiveCfg = Release|Win32
		{ED487B28-E445-464D-A09A-97BC9E57FC8D}.Release|Win32.Build.0 = Release|Win32
		{1AAAFFB1-0E0C-4D06-B18E-AC3816F97217}.Debug|Win32.ActiveCfg = Debug|Win32
		{1AAAFFB1-0E0C-4D06-B18E-AC3816F97217}.Debug|Win32.Build.0 = Debug|Win32
		{1AAAFFB1-0E0C-4D06-B18E-AC3816F97217}.Release|Win32.ActiveCfg = Release|Win32
		{1AAAFFB1-0E0C-4D06-B18E-AC3816F97217}.Release|Win32.Build.0 = Release|Win32
		{FBAA9433-4B1B-44FF-8EC9-F7C037859ABC}.Debug|Win32.ActiveCfg = Debug|Win32
		{FBAA9433-4B1B-44FF-8EC9-F7C037859ABC}.Debug|Win32.Build.0 = Debug|Win32
		{FBAA9433-4B1B-44FF-8EC9-F7C037859ABC}.Release|Win32.ActiveCfg = Release|Win32
		{FBAA9433-4B1B-44FF-8EC9-F7C037859ABC}.Release|Win32.Build.0 = Release|Win32
		{6AB710A6-1530-4D9B-B954-E772B69E7373}.Debug|Win32.ActiveCfg = Debug|Win32
		{6AB710A6-1530-4D9B-B954-E772B69E7373}.Debug|Win32.Build.0 = Debug|Win32
		{6AB710A6-1530-4D9B-B954-E772B69E7373}.Release|Win32.ActiveCfg = Release|Win32
		{6AB710A6-1530-4D9B-B954-E772B69E7373}.Release|Win32.Build.0 = Release|Win32
		{1678389A-7D53-4B43-AE3A-BBDA38D69DE2}.Debug|Win32.ActiveCfg = Debug|Win32
		{1678389A-7D53-4B43-AE3A-BBDA38D69DE2}.Debug|Win32.Build.0 = Debug|Win32
		{1678389A-7D53-4B43-AE3A-BBDA38D69DE2}.Release|Win32.ActiveCfg = Release|Win32
		{1678389A-7D53-4B43-AE3A-BBDA38D69DE2}.Release|Win32.Build.0 = Release|Win32
		{AAC4B8ED-F725-4563-9D41-3857D8B32CB4}.Debug|Win32.ActiveCfg = Debug|Win32
		{AAC4B8ED-F725-4563-9D41-3857D8B32CB4}.Debug|Win32.Build.0 = Debug|Win32
		{AAC4B8ED-F725-4563-9D41-3857D8B32CB4}.Release|Win32.ActiveCfg = Release|Win32
		{AAC4B8ED-F725-4563-9D41-3857D8B32CB4}.Release|Win32.Build.0 = Release|Win32
		{D7996415-9D41-4679-9EC6-DDCF925C4B31}.Debug|Win32.ActiveCfg = Debug|Win32
		{D7996415-9D41-4679-9EC6-DDCF925C4B31}.Debug|Win32.Build.0 = Debug|Win32
		{D7996415-9D41-4679-9EC6-DDCF925C4B31}.Release|Win32.ActiveCfg = Release|Win32
		{D7996415-9D41-4679-9EC6-DDCF925C4B31}.Release|Win32.Build.0 = Release|Win32
		{08387724-9751-4E0F-8195-6275084DB0CF}.Debug|Win32.ActiveCfg = Debug|Win32
		{08387724-9751-4E0F-8195-6275084DB0CF}.Debug|Win32.Build.0 = Debug|Win32
		{08387724-9751-4E0F-8195-6275084DB0CF}.Release|Win32.ActiveCfg = Release|Win32
		{08387724-9751-4E0F-8195-6275084DB0CF}.Release|Win32.Build.0 = Release|Win32
		{83460DD2-D59B-46FC-89AC-EAB90CD4B7D8}.Debug|Win32.ActiveCfg = Debug|Win32
		{83460DD2-D59B-46FC-89AC-EAB90CD4B7D8}.Debug|Win32.Build.0 = Debug|Win32
		{83460DD2-D59B-46FC-89AC-EAB90CD4B7D8}.Release|Win32.ActiveCfg = Release|Win32
		{83460DD2-D59B-46FC-89AC-EAB90CD4B7D8}.Release|Win32.Build.0 = Release|Win32
		{DBC36C55-96C5-403A-AACC-D71B6D841A4D}.Debug|Win32.ActiveCfg = Debug|Win32
		{DBC36C55-96C5-403A-AACC-D71B6D841A4D}.Debug|Win32.Build.0 = Debug|Win32
		{DBC36C55-96C5-403A-AACC-D71B6D841A4D}.Release|Win32.ActiveCfg = Release|Win32
		{DBC36C55-96C5-403A-AACC-D71B6D841A4D}.Release|Win32.Build.0 = Release|Win32
		{D5B762A4-3BDB-4D7C-8EB4-533B2BAE6EB6}.Debug|Win32.ActiveCfg = Debug|Win32
		{D5B762A4-3BDB-4D7C-8EB4-533B2BAE6EB6}.Debug|Win32.Build.0 = Debug|Win32
		{D5B762A4-3BDB-4D7C-8EB4-533B2BAE6EB6}.Release|Win32.ActiveCfg = Release|Win32
		{D5B762A4-3BDB-4D7C-8EB4-533B2BAE6EB6}.Release|Win32.Build.0 = Release|Win32
		{46F8C4C0-3B85-412F-B1A9-F9CD63AA9BB4}.Debug|Win32.ActiveCfg = Debug|Win32
		{46F8C4C0-3B85-412F-B1A9-F9CD63AA9BB4}.Debug|Win32.Build.0 = Debug|Win32
		{46F8C4C0-3B85-412F-B1A9-F9CD63AA9BB4}.Release|Win32.ActiveCfg = Release|Win32
		{46F8C4C0-3B85-412F-B1A9-F9CD63AA9BB4}.Release|Win32.Build.0 = Release|Win32
		{728C31C9-EBEC-4C01-8658-DC1BA60BE40F}.Debug|Win32.ActiveCfg = Debug|Win32
		{728C31C9-EBEC-4C01-8658-DC1BA60BE40F}.Debug|Win32.Build.0 = Debug|Win32
		{728C31C9-EBEC-4C01-8658-DC1BA60BE40F}.Release|Win32.ActiveCfg = Release|Win32
		{728C31C9-EBEC-4C01-8658-DC1BA60BE40F}.Release|Win32.Build.0 = Release|Win32
		{35F9BA10-1A66-4120-8E0E-749979249C8D}.Debug|Win32.ActiveCfg = Debug|Win32
		{35F9BA10-1A66-4120-8E0E-749979249C8D}.Debug|Win32.Build.0 = Debug|Win32
		{35F9BA10-1A66-4120-8E0E-749979249C8D}.Release|Win32.ActiveCfg = Release|Win32
		{35F9BA10-1A66-4120-8E0E-749979249C8D}.Release|Win32.Build.0 = Release|Win32
	EndGlobalSection
	GlobalSection(SolutionProperties) = preSolution
		HideSolutionNode = FALSE
	EndGlobalSection
	GlobalSection(NestedProjects) = preSolution
		{E1BA59EE-79FF-4484-BDC7-DE42DDA1E975} = {4A1755E9-DB6D-4CD2-83FB-D8F2A18E0268}
		{7573940E-5A1D-48A4-AAA1-BEF264D9B0C4} = {4A1755E9-DB6D-4CD2-83FB-D8F2A18E0268}
		{EB8C3EC3-74BC-4A24-97E5-133904A7ACA8} = {4A1755E9-DB6D-4CD2-83FB-D8F2A18E0268}
		{683A5E34-D5CA-4CB8-93E6-42D1C41DEE4D} = {4A1755E9-DB6D-4CD2-83FB-D8F2A18E0268}
		{12099554-E6D6-4F21-AB43-FEE67E3795A8} = {4A1755E9-DB6D-4CD2-83FB-D8F2A18E0268}
		{A20933BA-12B8-4AA5-BDFC-B5CF2579E70E} = {4A1755E9-DB6D-4CD2-83FB-D8F2A18E0268}
		{5B44540E-78B6-4355-AC15-4DE8B88F3781} = {4A1755E9-DB6D-4CD2-83FB-D8F2A18E0268}
		{0BFBD83F-961F-4A6E-A6D7-3B771B298D2E} = {4A1755E9-DB6D-4CD2-83FB-D8F2A18E0268}
		{3BEB18C5-2F88-447F-B52E-1EE3A912F81C} = {4A1755E9-DB6D-4CD2-83FB-D8F2A18E0268}
		{88EA0F51-415E-4F4A-980D-5F6602903704} = {4A1755E9-DB6D-4CD2-83FB-D8F2A18E0268}
		{978EB4E8-7462-40C5-9049-83FF9592BA75} = {4A1755E9-DB6D-4CD2-83FB-D8F2A18E0268}
		{EFB47B32-B002-4B92-A313-ACA8D96B266B} = {4A1755E9-DB6D-4CD2-83FB-D8F2A18E0268}
		{C390D034-C335-409E-92E6-41740D71349D} = {4A1755E9-DB6D-4CD2-83FB-D8F2A18E0268}
		{EA1C16BF-1A9D-4DB1-8F9A-B32C53047164} = {4A1755E9-DB6D-4CD2-83FB-D8F2A18E0268}
		{1BFCF112-1FA5-404B-9CDD-77F9D8E38BE3} = {4A1755E9-DB6D-4CD2-83FB-D8F2A18E0268}
		{1678389A-7D53-4B43-AE3A-BBDA38D69DE2} = {4A1755E9-DB6D-4CD2-83FB-D8F2A18E0268}
		{D7996415-9D41-4679-9EC6-DDCF925C4B31} = {4A1755E9-DB6D-4CD2-83FB-D8F2A18E0268}
		{08387724-9751-4E0F-8195-6275084DB0CF} = {4A1755E9-DB6D-4CD2-83FB-D8F2A18E0268}
		{83460DD2-D59B-46FC-89AC-EAB90CD4B7D8} = {4A1755E9-DB6D-4CD2-83FB-D8F2A18E0268}
		{DBC36C55-96C5-403A-AACC-D71B6D841A4D} = {4A1755E9-DB6D-4CD2-83FB-D8F2A18E0268}
		{ED487B28-E445-464D-A09A-97BC9E57FC8D} = {B05A7B62-D27C-48B3-9AA6-AC15ABC38BD8}
		{1AAAFFB1-0E0C-4D06-B18E-AC3816F97217} = {57FFC37A-0073-4D67-92D4-98FB5C4A309A}
		{FBAA9433-4B1B-44FF-8EC9-F7C037859ABC} = {57FFC37A-0073-4D67-92D4-98FB5C4A309A}
		{6AB710A6-1530-4D9B-B954-E772B69E7373} = {57FFC37A-0073-4D67-92D4-98FB5C4A309A}
		{AAC4B8ED-F725-4563-9D41-3857D8B32CB4} = {52446C02-0696-4691-95FD-5E737EECBE67}
		{D5B762A4-3BDB-4D7C-8EB4-533B2BAE6EB6} = {EBECB34C-801E-43D7-9FDF-EDE249CF053D}
		{46F8C4C0-3B85-412F-B1A9-F9CD63AA9BB4} = {EBECB34C-801E-43D7-9FDF-EDE249CF053D}
		{728C31C9-EBEC-4C01-8658-DC1BA60BE40F} = {EBECB34C-801E-43D7-9FDF-EDE249CF053D}
		{35F9BA10-1A66-4120-8E0E-749979249C8D} = {EBECB34C-801E-43D7-9FDF-EDE249CF053D}
	EndGlobalSection
EndGlobal
