<?xml version="1.0" encoding="utf-8"?>
<Project ToolsVersion="4.0" xmlns="http://schemas.microsoft.com/developer/msbuild/2003">
  <ItemGroup>
    <Filter Include="Source Files">
      <UniqueIdentifier>{4FC737F1-C7A5-4376-A066-2A32D752A2FF}</UniqueIdentifier>
      <Extensions>cpp;c;cc;cxx;def;odl;idl;hpj;bat;asm;asmx</Extensions>
    </Filter>
    <Filter Include="Header Files">
      <UniqueIdentifier>{93995380-89BD-4b04-88EB-625FBE52EBFB}</UniqueIdentifier>
      <Extensions>h;hpp;hxx;hm;inl;inc;xsd</Extensions>
    </Filter>
    <Filter Include="Resource Files">
      <UniqueIdentifier>{67DA6AB6-F800-4c08-8B7A-83BB121AAD01}</UniqueIdentifier>
      <Extensions>rc;ico;cur;bmp;dlg;rc2;rct;bin;rgs;gif;jpg;jpeg;jpe;resx;tiff;tif;png;wav;mfcribbon-ms</Extensions>
    </Filter>
  </ItemGroup>
  <ItemGroup>
    <None Include="ReadMe.txt" />
    <None Include="..\Resources\_Copy.png">
      <Filter>Resource Files</Filter>
    </None>
    <None Include="..\Resources\_Cut.png">
      <Filter>Resource Files</Filter>
    </None>
    <None Include="..\Resources\_Delete.png">
      <Filter>Resource Files</Filter>
    </None>
    <None Include="..\Resources\_New.png">
      <Filter>Resource Files</Filter>
    </None>
    <None Include="..\Resources\_Open.png">
      <Filter>Resource Files</Filter>
    </None>
    <None Include="..\Resources\_Paste.png">
      <Filter>Resource Files</Filter>
    </None>
    <None Include="..\Resources\_Print.png">
      <Filter>Resource Files</Filter>
    </None>
    <None Include="..\Resources\_Redo.png">
      <Filter>Resource Files</Filter>
    </None>
    <None Include="..\Resources\_Save.png">
      <Filter>Resource Files</Filter>
    </None>
    <None Include="..\Resources\_SaveAs.png">
      <Filter>Resource Files</Filter>
    </None>
    <None Include="..\Resources\_Undo.png">
      <Filter>Resource Files</Filter>
    </None>
    <None Include="..\Resources\XmlWindowResourceControlTemplate.precompiled.compressed">
      <Filter>Resource Files</Filter>
    </None>
    <None Include="..\Resources\XmlWindowResourceControlTemplate.precompiled.bin">
      <Filter>Resource Files</Filter>
    </None>
  </ItemGroup>
  <ItemGroup>
    <ClCompile Include="..\..\Public\Source\GacUI.cpp">
      <Filter>Source Files</Filter>
    </ClCompile>
    <ClCompile Include="..\..\Public\Source\Vlpp.cpp">
      <Filter>Source Files</Filter>
    </ClCompile>
    <ClCompile Include="..\CommonLibrary\FileSystemInformation.cpp">
      <Filter>Source Files</Filter>
    </ClCompile>
    <ClCompile Include="..\..\Public\Source\GacUIWindows.cpp">
      <Filter>Source Files</Filter>
    </ClCompile>
  </ItemGroup>
  <ItemGroup>
    <ClInclude Include="..\..\Public\Source\GacUI.h">
      <Filter>Header Files</Filter>
    </ClInclude>
    <ClInclude Include="..\..\Public\Source\Vlpp.h">
      <Filter>Header Files</Filter>
    </ClInclude>
    <ClInclude Include="..\CommonLibrary\FileSystemInformation.h">
      <Filter>Header Files</Filter>
    </ClInclude>
    <ClInclude Include="..\..\Public\Source\GacUIWindows.h">
      <Filter>Header Files</Filter>
    </ClInclude>
  </ItemGroup>
  <ItemGroup>
    <Image Include="..\Resources\BigDoc.png">
      <Filter>Resource Files</Filter>
    </Image>
    <Image Include="..\Resources\Gif.gif">
      <Filter>Resource Files</Filter>
    </Image>
    <Image Include="..\Resources\s_AlignCenter.png">
      <Filter>Resource Files</Filter>
    </Image>
    <Image Include="..\Resources\s_AlignLeft.png">
      <Filter>Resource Files</Filter>
    </Image>
    <Image Include="..\Resources\s_AlignRight.png">
      <Filter>Resource Files</Filter>
    </Image>
    <Image Include="..\Resources\s_Background.png">
      <Filter>Resource Files</Filter>
    </Image>
    <Image Include="..\Resources\s_Bold.png">
      <Filter>Resource Files</Filter>
    </Image>
    <Image Include="..\Resources\s_Color.png">
      <Filter>Resource Files</Filter>
    </Image>
    <Image Include="..\Resources\s_Font.png">
      <Filter>Resource Files</Filter>
    </Image>
    <Image Include="..\Resources\s_Italic.png">
      <Filter>Resource Files</Filter>
    </Image>
    <Image Include="..\Resources\s_Strike.png">
      <Filter>Resource Files</Filter>
    </Image>
    <Image Include="..\Resources\s_Underline.png">
      <Filter>Resource Files</Filter>
    </Image>
    <Image Include="..\Resources\OfficeExcel.ico">
      <Filter>Resource Files</Filter>
    </Image>
    <Image Include="..\Resources\OfficeOneNote.ico">
      <Filter>Resource Files</Filter>
    </Image>
    <Image Include="..\Resources\OfficeOutlook.ico">
      <Filter>Resource Files</Filter>
    </Image>
    <Image Include="..\Resources\OfficePowerPoint.ico">
      <Filter>Resource Files</Filter>
    </Image>
    <Image Include="..\Resources\OfficeWord.ico">
      <Filter>Resource Files</Filter>
    </Image>
    <Image Include="..\Resources\XmlDocDemo_TooltipWindow.jpg">
      <Filter>Resource Files</Filter>
    </Image>
  </ItemGroup>
  <ItemGroup>
    <Text Include="..\Resources\CalculatorDefinition.txt">
      <Filter>Resource Files</Filter>
    </Text>
    <Text Include="..\Resources\Chemical.txt">
      <Filter>Resource Files</Filter>
    </Text>
    <Text Include="..\Resources\JsonSample.txt">
      <Filter>Resource Files</Filter>
    </Text>
  </ItemGroup>
  <ItemGroup>
    <Xml Include="..\Resources\document2.xml">
      <Filter>Resource Files</Filter>
    </Xml>
    <Xml Include="..\Resources\XmlDoc.xml">
      <Filter>Resource Files</Filter>
    </Xml>
    <Xml Include="..\Resources\XmlResource.xml">
      <Filter>Resource Files</Filter>
    </Xml>
    <Xml Include="..\Resources\XmlDocDemo.xml">
      <Filter>Resource Files</Filter>
    </Xml>
    <Xml Include="..\Resources\XmlWindowResource.xml">
      <Filter>Resource Files</Filter>
    </Xml>
    <Xml Include="..\Resources\XmlWindowResourceDataBinding.xml">
      <Filter>Resource Files</Filter>
    </Xml>
    <Xml Include="..\Resources\HelloWorld.xml">
      <Filter>Resource Files</Filter>
    </Xml>
    <Xml Include="..\Resources\XmlWindowResourceViewModel.xml">
      <Filter>Resource Files</Filter>
    </Xml>
    <Xml Include="..\Resources\HelloWorldViewModel.xml">
      <Filter>Resource Files</Filter>
    </Xml>
    <Xml Include="..\Resources\XmlWindowResourceListViewModel.xml">
      <Filter>Resource Files</Filter>
    </Xml>
    <Xml Include="..\Resources\XmlWindowResourceItemTemplate.xml">
      <Filter>Resource Files</Filter>
    </Xml>
    <Xml Include="..\Resources\XmlWindowResourceControlTemplate.precompiled.xml">
      <Filter>Resource Files</Filter>
    </Xml>
  </ItemGroup>
</Project>